Microsoft Visual Studio Solution File, Format Version 12.00
# Visual Studio Version 16
VisualStudioVersion = 16.0.29924.181
MinimumVisualStudioVersion = 10.0.40219.1
Project("{FAE04EC0-301F-11D3-BF4B-00C04F79EFBC}") = "WebView2WrapperWinFormsTest", "WebView2WrapperWinFormsTest\WebView2WrapperWinFormsTest.csproj", "{F94D431B-B4EA-45AB-9864-FEB3148B95EC}"
EndProject
Project("{2150E333-8FDC-42A3-9474-1A3956D46DE8}") = "Solution Items", "Solution Items", "{BA813F56-87A6-4F00-8816-EF181DC956A8}"
	ProjectSection(SolutionItems) = preProject
		solution_info.txt = solution_info.txt
	EndProjectSection
EndProject
Project("{2150E333-8FDC-42A3-9474-1A3956D46DE8}") = "V9515", "V9515", "{3DC3AB0B-17DA-4EF0-BA64-B6DA1C79AFA9}"
EndProject
Project("{FAE04EC0-301F-11D3-BF4B-00C04F79EFBC}") = "Diga.WebView2.Interop.V9515", "V9515\Diga.WebView2.Interop.V9515\Diga.WebView2.Interop.V9515.csproj", "{F52D7E62-1458-40E4-8F38-2DF53E51AF7C}"
EndProject
Project("{9A19103F-16F7-4668-BE54-9A1E7A4F7556}") = "Diga.WebView2.Interop.Std.V9515", "V9515\Diga.WebView2.Interop.Std.V9515\Diga.WebView2.Interop.Std.V9515.csproj", "{C2AF0E50-2CCB-4B9D-8922-F0D533EBDB6D}"
EndProject
Project("{FAE04EC0-301F-11D3-BF4B-00C04F79EFBC}") = "Diga.WebView2.Interop.Experimental.V9515", "V9515\Diga.WebView2.Interop.Experimental.V9515\Diga.WebView2.Interop.Experimental.V9515.csproj", "{57421342-3FBC-42C1-ABF6-8945C88243D1}"
EndProject
Project("{9A19103F-16F7-4668-BE54-9A1E7A4F7556}") = "Diga.WebView2.Interop.Experimental.Std.V9515", "V9515\Diga.WebView2.Interop.Experimental.Std.V9515\Diga.WebView2.Interop.Experimental.Std.V9515.csproj", "{02720F77-8F4D-47F1-B733-F8C5E6048A0C}"
EndProject
Project("{FAE04EC0-301F-11D3-BF4B-00C04F79EFBC}") = "Diga.WebView2.Wrapper.V9515", "V9515\Diga.WebView2.Wrapper.V9515\Diga.WebView2.Wrapper.V9515.csproj", "{39CD7A70-688C-432C-933B-9E70E57C09A9}"
EndProject
Project("{9A19103F-16F7-4668-BE54-9A1E7A4F7556}") = "Diga.WebView2.Wrapper.Std.V9515", "V9515\Diga.WebView2.Wrapper.Std.V9515\Diga.WebView2.Wrapper.Std.V9515.csproj", "{695744BE-43A5-4C1C-80F3-5B86A523B2A2}"
EndProject
Project("{FAE04EC0-301F-11D3-BF4B-00C04F79EFBC}") = "Diga.WebView2.WinForms.V9515", "V9515\Diga.WebView2.WinForms.V9515\Diga.WebView2.WinForms.V9515.csproj", "{1DA64CDF-CD32-4276-B6EE-7640A111F4C1}"
EndProject
Project("{9A19103F-16F7-4668-BE54-9A1E7A4F7556}") = "Diga.WebView2.WinForms.Core.V9515", "V9515\Diga.WebView2.WinForms.Core.V9515\Diga.WebView2.WinForms.Core.V9515.csproj", "{A044FC42-D007-4902-8A20-509CCDB22380}"
EndProject
Project("{2150E333-8FDC-42A3-9474-1A3956D46DE8}") = "V9538", "V9538", "{5B65411C-F5DE-4108-8C12-258138533F32}"
EndProject
Project("{FAE04EC0-301F-11D3-BF4B-00C04F79EFBC}") = "Diga.WebView2.Interop.V9538", "V9538\Diga.WebView2.Interop.V9538\Diga.WebView2.Interop.V9538.csproj", "{A240006F-2416-4DE6-8770-70AC3367C2DE}"
EndProject
Project("{FAE04EC0-301F-11D3-BF4B-00C04F79EFBC}") = "Diga.WebView2.Wrapper.V9538", "V9538\Diga.WebView2.Wrapper.V9538\Diga.WebView2.Wrapper.V9538.csproj", "{73306AD7-E663-4797-9DCB-10091DC3A4A8}"
EndProject
Project("{FAE04EC0-301F-11D3-BF4B-00C04F79EFBC}") = "Diga.WebView2.WinForms.V9538", "V9538\Diga.WebView2.WinForms.V9538\Diga.WebView2.WinForms.V9538.csproj", "{921EB18D-7376-4B75-8798-DBB74D3DD855}"
EndProject
Project("{9A19103F-16F7-4668-BE54-9A1E7A4F7556}") = "Diga.WebView2.Interop.Std.V9538", "V9538\Diga.WebView2.Interop.Std.V9538\Diga.WebView2.Interop.Std.V9538.csproj", "{B588BD8A-DEFA-4CC2-A449-55807B0AF168}"
EndProject
Project("{9A19103F-16F7-4668-BE54-9A1E7A4F7556}") = "Diga.WebView2.Wrapper.Std.V9538", "V9538\Diga.WebView2.Wrapper.Std.V9538\Diga.WebView2.Wrapper.Std.V9538.csproj", "{830E1522-5964-4FDA-AA1A-E0760D37EDF6}"
EndProject
Project("{9A19103F-16F7-4668-BE54-9A1E7A4F7556}") = "Diga.WebView2.WinForms.Core.V9538", "V9538\Diga.WebView2.WinForms.Core.V9538\Diga.WebView2.WinForms.Core.V9538.csproj", "{EBAFF36F-DEA4-496E-BDDB-74B7EEA83F56}"
EndProject
Project("{9A19103F-16F7-4668-BE54-9A1E7A4F7556}") = "WebView2WrapperWinFormsTest.Core", "WebView2WrapperWinFormsTest.Core\WebView2WrapperWinFormsTest.Core.csproj", "{35F8A1E9-CA56-4C12-8A8D-363249F41C47}"
EndProject
Project("{2150E333-8FDC-42A3-9474-1A3956D46DE8}") = "V9579", "V9579", "{61E32CD5-1E89-4586-8B7D-F59A7F320D15}"
EndProject
Project("{FAE04EC0-301F-11D3-BF4B-00C04F79EFBC}") = "Diga.WebView2.Interop.V9579", "V9579\Diga.WebView2.Interop.V9579\Diga.WebView2.Interop.V9579.csproj", "{3C6318E8-CBA5-4E7C-A190-D47D4A28FED6}"
EndProject
Project("{9A19103F-16F7-4668-BE54-9A1E7A4F7556}") = "Diga.WebView2.Interop.Std.V9579", "V9579\Diga.WebView2.Interop.Std.V9579\Diga.WebView2.Interop.Std.V9579.csproj", "{007E73A6-C269-4ABB-B903-6F3FFF17F64A}"
EndProject
Project("{FAE04EC0-301F-11D3-BF4B-00C04F79EFBC}") = "Diga.WebView2.Wrapper.V9579", "V9579\Diga.WebView2.Wrapper.V9579\Diga.WebView2.Wrapper.V9579.csproj", "{D0DDDD2C-DAE9-4166-AA7C-734B26A79ED2}"
EndProject
Project("{FAE04EC0-301F-11D3-BF4B-00C04F79EFBC}") = "Diga.WebView2.WinForms.V9579", "V9579\Diga.WebView2.WinForms.V9579\Diga.WebView2.WinForms.V9579.csproj", "{F245F52F-7E7A-4D02-A214-1AC7528AD63C}"
EndProject
Project("{9A19103F-16F7-4668-BE54-9A1E7A4F7556}") = "Diga.WebView2.Wrapper.Std.V9579", "V9579\Diga.WebView2.Wrapper.Std.V9579\Diga.WebView2.Wrapper.Std.V9579.csproj", "{B6730635-5A79-4F64-AA63-1D6EAF369FEA}"
EndProject
Project("{9A19103F-16F7-4668-BE54-9A1E7A4F7556}") = "Diga.WebView2.WinForms.Core.V9579", "V9579\Diga.WebView2.WinForms.Core.V9579\Diga.WebView2.WinForms.Core.V9579.csproj", "{E3B24BA2-868C-4E8F-B400-34D8F14681AC}"
EndProject
Project("{FAE04EC0-301F-11D3-BF4B-00C04F79EFBC}") = "Diga.WebView2.Interop.V9622", "V9622\Diga.WebView2.Interop.V9622\Diga.WebView2.Interop.V9622.csproj", "{46C1FC7A-781C-4105-A550-73D27D49FB88}"
EndProject
Project("{2150E333-8FDC-42A3-9474-1A3956D46DE8}") = "V9622", "V9622", "{F972FC1D-967A-419A-8EC2-B9DFDC6054A1}"
EndProject
Project("{9A19103F-16F7-4668-BE54-9A1E7A4F7556}") = "Diga.WebView2.Interop.Std.V9622", "V9622\Diga.WebView2.Interop.Std.V9622\Diga.WebView2.Interop.Std.V9622.csproj", "{DA141569-F13B-4E07-B5EE-D4D14B58F8F8}"
EndProject
Project("{FAE04EC0-301F-11D3-BF4B-00C04F79EFBC}") = "Diga.WebView2.Wrapper.V9622", "V9622\Diga.WebView2.Wrapper.V9622\Diga.WebView2.Wrapper.V9622.csproj", "{50B22B5D-7151-4FDC-9FC0-0CDA7231D40E}"
EndProject
Project("{FAE04EC0-301F-11D3-BF4B-00C04F79EFBC}") = "Diga.WebView2.WinForms.V9622", "V9622\Diga.WebView2.WinForms.V9622\Diga.WebView2.WinForms.V9622.csproj", "{16B62BA9-0C01-4396-B204-5CE61EDE4672}"
EndProject
Project("{9A19103F-16F7-4668-BE54-9A1E7A4F7556}") = "Diga.WebView2.Wrapper.Std.V9622", "V9622\Diga.WebView2.Wrapper.Std.V9622\Diga.WebView2.Wrapper.Std.V9622.csproj", "{3FF216A5-1E0E-4CC9-A01C-282B1F207630}"
EndProject
Project("{9A19103F-16F7-4668-BE54-9A1E7A4F7556}") = "Diga.WebView2.WinForms.Core.V9622", "V9622\Diga.WebView2.WinForms.Core.V9622\Diga.WebView2.WinForms.Core.V9622.csproj", "{20003344-D7F8-4697-B197-AC347FD22A2A}"
EndProject
Project("{2150E333-8FDC-42A3-9474-1A3956D46DE8}") = "V106634", "V106634", "{7DA5BB97-AB44-4612-9DA7-4468663D56AB}"
EndProject
Project("{FAE04EC0-301F-11D3-BF4B-00C04F79EFBC}") = "Diga.WebView2.Interop.V106634", "V109634\Diga.WebView2.Interop.V109634\Diga.WebView2.Interop.V106634.csproj", "{787BBD62-C22F-4E30-9620-ED5BFD725299}"
EndProject
Project("{FAE04EC0-301F-11D3-BF4B-00C04F79EFBC}") = "Diga.WebView2.Wrapper.V106634", "V109634\Diga.WebView2.Wrapper.V109634\Diga.WebView2.Wrapper.V106634.csproj", "{0A6A69E6-B790-4473-A4B4-1BA62F8B899A}"
EndProject
Project("{FAE04EC0-301F-11D3-BF4B-00C04F79EFBC}") = "Diga.WebView2.WinForms.V106634", "V109634\Diga.WebView2.WinForms.V109634\Diga.WebView2.WinForms.V106634.csproj", "{7D483FDE-F9B2-4275-A918-F0F5939CB31B}"
EndProject
Project("{9A19103F-16F7-4668-BE54-9A1E7A4F7556}") = "Diga.WebView2.Interop.Std.V106634", "V109634\Diga.WebView2.Interop.Std.V109634\Diga.WebView2.Interop.Std.V106634.csproj", "{24711256-2645-4EF5-9530-71A4BC5903CD}"
EndProject
Project("{9A19103F-16F7-4668-BE54-9A1E7A4F7556}") = "Diga.WebView2.Wrapper.Std.V106634", "V109634\Diga.WebView2.Wrapper.Std.V109634\Diga.WebView2.Wrapper.Std.V106634.csproj", "{8DB6CE96-DBE4-458C-BD83-D9B1E2306D09}"
EndProject
Project("{9A19103F-16F7-4668-BE54-9A1E7A4F7556}") = "Diga.WebView2.WinForms.Core.V106634", "V109634\Diga.WebView2.WinForms.Core.V109634\Diga.WebView2.WinForms.Core.V106634.csproj", "{3E1FBC9A-38B2-44FD-AA71-61B5C121CFEA}"
EndProject
Project("{2150E333-8FDC-42A3-9474-1A3956D46DE8}") = "V1077444", "V1077444", "{D0E308E1-5FD4-4E3A-9EBA-B0E98D5B4167}"
EndProject
Project("{FAE04EC0-301F-11D3-BF4B-00C04F79EFBC}") = "Diga.WebView2.Interop.V1077444", "V1077444\Diga.WebView2.Interop.V1077444\Diga.WebView2.Interop.V1077444.csproj", "{528DE4AE-4534-4576-AF86-DB9E870AB670}"
EndProject
Project("{FAE04EC0-301F-11D3-BF4B-00C04F79EFBC}") = "Diga.WebView2.Wrapper.V1077444", "V1077444\Diga.WebView2.Wrapper.V1077444\Diga.WebView2.Wrapper.V1077444.csproj", "{126E416E-7C5D-473B-9710-BC70F57F37C5}"
EndProject
Project("{FAE04EC0-301F-11D3-BF4B-00C04F79EFBC}") = "Diga.WebView2.WinForms.V1077444", "V1077444\Diga.WebView2.WinForms.V1077444\Diga.WebView2.WinForms.V1077444.csproj", "{DD39A887-9085-4299-B94A-DFC1F909882F}"
EndProject
Project("{9A19103F-16F7-4668-BE54-9A1E7A4F7556}") = "Diga.WebView2.Interop.Std.V1077444", "V1077444\Diga.WebView2.Interop.Std.V1077444\Diga.WebView2.Interop.Std.V1077444.csproj", "{14434AF6-CE54-42AB-B94E-613A85EE3492}"
EndProject
Project("{9A19103F-16F7-4668-BE54-9A1E7A4F7556}") = "Diga.WebView2.Wrapper.Std.V1077444", "V1077444\Diga.WebView2.Wrapper.Std.V1077444\Diga.WebView2.Wrapper.Std.V1077444.csproj", "{FCACFA3E-F8A0-4131-81A4-CFE36EC25F4C}"
EndProject
Project("{9A19103F-16F7-4668-BE54-9A1E7A4F7556}") = "Diga.WebView2.WinForms.Core.V1077444", "V1077444\Diga.WebView2.WinForms.Core.V1077444\Diga.WebView2.WinForms.Core.V1077444.csproj", "{EFA5797C-D59B-41DD-BE99-B6F163A2F82A}"
EndProject
Project("{2150E333-8FDC-42A3-9474-1A3956D46DE8}") = "V1086435", "V1086435", "{70CE7D64-5E76-4266-8426-38B8A0861E79}"
EndProject
Project("{9A19103F-16F7-4668-BE54-9A1E7A4F7556}") = "Diga.WebView2.Interop.Std.V1086435", "V1086435\Diga.WebView2.Interop.Std.V1086435\Diga.WebView2.Interop.Std.V1086435.csproj", "{4AB6CB7E-4F4A-444C-8549-CA0F8DCFBEA5}"
EndProject
Project("{FAE04EC0-301F-11D3-BF4B-00C04F79EFBC}") = "Diga.WebView2.Interop.V1086435", "V1086435\Diga.WebView2.Interop.V1086435\Diga.WebView2.Interop.V1086435.csproj", "{36611726-905E-4798-B2B7-49DE78EECDE7}"
EndProject
Project("{FAE04EC0-301F-11D3-BF4B-00C04F79EFBC}") = "Diga.WebView2.Wrapper.V1086435", "V1086435\Diga.WebView2.Wrapper.V1086435\Diga.WebView2.Wrapper.V1086435.csproj", "{5154311C-993B-4269-B45B-5C9209078452}"
EndProject
Project("{9A19103F-16F7-4668-BE54-9A1E7A4F7556}") = "Diga.WebView2.Wrapper.Std.V1086435", "V1086435\Diga.WebView2.Wrapper.Std.V1086435\Diga.WebView2.Wrapper.Std.V1086435.csproj", "{C079B0C6-A01E-4B25-9297-C71C658EF7A4}"
EndProject
Project("{FAE04EC0-301F-11D3-BF4B-00C04F79EFBC}") = "Diga.WebView2.WinForms.V1086435", "V1086435\Diga.WebView2.WinForms.V1086435\Diga.WebView2.WinForms.V1086435.csproj", "{77A8DB7B-30A6-42A0-A8F6-482BB49EB3EC}"
EndProject
Project("{9A19103F-16F7-4668-BE54-9A1E7A4F7556}") = "Diga.WebView2.WinForms.Core.V1086435", "V1086435\Diga.WebView2.WinForms.Core.V1086435\Diga.WebView2.WinForms.Core.V1086435.csproj", "{B55557BC-25A9-496C-B29A-3011C557D9BA}"
EndProject
Global
	GlobalSection(SolutionConfigurationPlatforms) = preSolution
		Debug|Any CPU = Debug|Any CPU
		Debug|x86 = Debug|x86
		Release|Any CPU = Release|Any CPU
		Release|x86 = Release|x86
	EndGlobalSection
	GlobalSection(ProjectConfigurationPlatforms) = postSolution
		{F94D431B-B4EA-45AB-9864-FEB3148B95EC}.Debug|Any CPU.ActiveCfg = Debug|Any CPU
		{F94D431B-B4EA-45AB-9864-FEB3148B95EC}.Debug|Any CPU.Build.0 = Debug|Any CPU
		{F94D431B-B4EA-45AB-9864-FEB3148B95EC}.Debug|x86.ActiveCfg = Debug|Any CPU
		{F94D431B-B4EA-45AB-9864-FEB3148B95EC}.Debug|x86.Build.0 = Debug|Any CPU
		{F94D431B-B4EA-45AB-9864-FEB3148B95EC}.Release|Any CPU.ActiveCfg = Release|Any CPU
		{F94D431B-B4EA-45AB-9864-FEB3148B95EC}.Release|Any CPU.Build.0 = Release|Any CPU
		{F94D431B-B4EA-45AB-9864-FEB3148B95EC}.Release|x86.ActiveCfg = Release|Any CPU
		{F94D431B-B4EA-45AB-9864-FEB3148B95EC}.Release|x86.Build.0 = Release|Any CPU
		{F52D7E62-1458-40E4-8F38-2DF53E51AF7C}.Debug|Any CPU.ActiveCfg = Debug|Any CPU
		{F52D7E62-1458-40E4-8F38-2DF53E51AF7C}.Debug|Any CPU.Build.0 = Debug|Any CPU
		{F52D7E62-1458-40E4-8F38-2DF53E51AF7C}.Debug|x86.ActiveCfg = Debug|Any CPU
		{F52D7E62-1458-40E4-8F38-2DF53E51AF7C}.Debug|x86.Build.0 = Debug|Any CPU
		{F52D7E62-1458-40E4-8F38-2DF53E51AF7C}.Release|Any CPU.ActiveCfg = Release|Any CPU
		{F52D7E62-1458-40E4-8F38-2DF53E51AF7C}.Release|Any CPU.Build.0 = Release|Any CPU
		{F52D7E62-1458-40E4-8F38-2DF53E51AF7C}.Release|x86.ActiveCfg = Release|Any CPU
		{F52D7E62-1458-40E4-8F38-2DF53E51AF7C}.Release|x86.Build.0 = Release|Any CPU
		{C2AF0E50-2CCB-4B9D-8922-F0D533EBDB6D}.Debug|Any CPU.ActiveCfg = Debug|Any CPU
		{C2AF0E50-2CCB-4B9D-8922-F0D533EBDB6D}.Debug|Any CPU.Build.0 = Debug|Any CPU
		{C2AF0E50-2CCB-4B9D-8922-F0D533EBDB6D}.Debug|x86.ActiveCfg = Debug|Any CPU
		{C2AF0E50-2CCB-4B9D-8922-F0D533EBDB6D}.Debug|x86.Build.0 = Debug|Any CPU
		{C2AF0E50-2CCB-4B9D-8922-F0D533EBDB6D}.Release|Any CPU.ActiveCfg = Release|Any CPU
		{C2AF0E50-2CCB-4B9D-8922-F0D533EBDB6D}.Release|Any CPU.Build.0 = Release|Any CPU
		{C2AF0E50-2CCB-4B9D-8922-F0D533EBDB6D}.Release|x86.ActiveCfg = Release|Any CPU
		{C2AF0E50-2CCB-4B9D-8922-F0D533EBDB6D}.Release|x86.Build.0 = Release|Any CPU
		{57421342-3FBC-42C1-ABF6-8945C88243D1}.Debug|Any CPU.ActiveCfg = Debug|Any CPU
		{57421342-3FBC-42C1-ABF6-8945C88243D1}.Debug|Any CPU.Build.0 = Debug|Any CPU
		{57421342-3FBC-42C1-ABF6-8945C88243D1}.Debug|x86.ActiveCfg = Debug|Any CPU
		{57421342-3FBC-42C1-ABF6-8945C88243D1}.Debug|x86.Build.0 = Debug|Any CPU
		{57421342-3FBC-42C1-ABF6-8945C88243D1}.Release|Any CPU.ActiveCfg = Release|Any CPU
		{57421342-3FBC-42C1-ABF6-8945C88243D1}.Release|Any CPU.Build.0 = Release|Any CPU
		{57421342-3FBC-42C1-ABF6-8945C88243D1}.Release|x86.ActiveCfg = Release|Any CPU
		{57421342-3FBC-42C1-ABF6-8945C88243D1}.Release|x86.Build.0 = Release|Any CPU
		{02720F77-8F4D-47F1-B733-F8C5E6048A0C}.Debug|Any CPU.ActiveCfg = Debug|Any CPU
		{02720F77-8F4D-47F1-B733-F8C5E6048A0C}.Debug|Any CPU.Build.0 = Debug|Any CPU
		{02720F77-8F4D-47F1-B733-F8C5E6048A0C}.Debug|x86.ActiveCfg = Debug|Any CPU
		{02720F77-8F4D-47F1-B733-F8C5E6048A0C}.Debug|x86.Build.0 = Debug|Any CPU
		{02720F77-8F4D-47F1-B733-F8C5E6048A0C}.Release|Any CPU.ActiveCfg = Release|Any CPU
		{02720F77-8F4D-47F1-B733-F8C5E6048A0C}.Release|Any CPU.Build.0 = Release|Any CPU
		{02720F77-8F4D-47F1-B733-F8C5E6048A0C}.Release|x86.ActiveCfg = Release|Any CPU
		{02720F77-8F4D-47F1-B733-F8C5E6048A0C}.Release|x86.Build.0 = Release|Any CPU
		{39CD7A70-688C-432C-933B-9E70E57C09A9}.Debug|Any CPU.ActiveCfg = Debug|Any CPU
		{39CD7A70-688C-432C-933B-9E70E57C09A9}.Debug|Any CPU.Build.0 = Debug|Any CPU
		{39CD7A70-688C-432C-933B-9E70E57C09A9}.Debug|x86.ActiveCfg = Debug|Any CPU
		{39CD7A70-688C-432C-933B-9E70E57C09A9}.Debug|x86.Build.0 = Debug|Any CPU
		{39CD7A70-688C-432C-933B-9E70E57C09A9}.Release|Any CPU.ActiveCfg = Release|Any CPU
		{39CD7A70-688C-432C-933B-9E70E57C09A9}.Release|Any CPU.Build.0 = Release|Any CPU
		{39CD7A70-688C-432C-933B-9E70E57C09A9}.Release|x86.ActiveCfg = Release|Any CPU
		{39CD7A70-688C-432C-933B-9E70E57C09A9}.Release|x86.Build.0 = Release|Any CPU
		{695744BE-43A5-4C1C-80F3-5B86A523B2A2}.Debug|Any CPU.ActiveCfg = Debug|Any CPU
		{695744BE-43A5-4C1C-80F3-5B86A523B2A2}.Debug|Any CPU.Build.0 = Debug|Any CPU
		{695744BE-43A5-4C1C-80F3-5B86A523B2A2}.Debug|x86.ActiveCfg = Debug|Any CPU
		{695744BE-43A5-4C1C-80F3-5B86A523B2A2}.Debug|x86.Build.0 = Debug|Any CPU
		{695744BE-43A5-4C1C-80F3-5B86A523B2A2}.Release|Any CPU.ActiveCfg = Release|Any CPU
		{695744BE-43A5-4C1C-80F3-5B86A523B2A2}.Release|Any CPU.Build.0 = Release|Any CPU
		{695744BE-43A5-4C1C-80F3-5B86A523B2A2}.Release|x86.ActiveCfg = Release|Any CPU
		{695744BE-43A5-4C1C-80F3-5B86A523B2A2}.Release|x86.Build.0 = Release|Any CPU
		{1DA64CDF-CD32-4276-B6EE-7640A111F4C1}.Debug|Any CPU.ActiveCfg = Debug|Any CPU
		{1DA64CDF-CD32-4276-B6EE-7640A111F4C1}.Debug|Any CPU.Build.0 = Debug|Any CPU
		{1DA64CDF-CD32-4276-B6EE-7640A111F4C1}.Debug|x86.ActiveCfg = Debug|Any CPU
		{1DA64CDF-CD32-4276-B6EE-7640A111F4C1}.Debug|x86.Build.0 = Debug|Any CPU
		{1DA64CDF-CD32-4276-B6EE-7640A111F4C1}.Release|Any CPU.ActiveCfg = Release|Any CPU
		{1DA64CDF-CD32-4276-B6EE-7640A111F4C1}.Release|Any CPU.Build.0 = Release|Any CPU
		{1DA64CDF-CD32-4276-B6EE-7640A111F4C1}.Release|x86.ActiveCfg = Release|Any CPU
		{1DA64CDF-CD32-4276-B6EE-7640A111F4C1}.Release|x86.Build.0 = Release|Any CPU
		{A044FC42-D007-4902-8A20-509CCDB22380}.Debug|Any CPU.ActiveCfg = Debug|Any CPU
		{A044FC42-D007-4902-8A20-509CCDB22380}.Debug|Any CPU.Build.0 = Debug|Any CPU
		{A044FC42-D007-4902-8A20-509CCDB22380}.Debug|x86.ActiveCfg = Debug|Any CPU
		{A044FC42-D007-4902-8A20-509CCDB22380}.Debug|x86.Build.0 = Debug|Any CPU
		{A044FC42-D007-4902-8A20-509CCDB22380}.Release|Any CPU.ActiveCfg = Release|Any CPU
		{A044FC42-D007-4902-8A20-509CCDB22380}.Release|Any CPU.Build.0 = Release|Any CPU
		{A044FC42-D007-4902-8A20-509CCDB22380}.Release|x86.ActiveCfg = Release|Any CPU
		{A044FC42-D007-4902-8A20-509CCDB22380}.Release|x86.Build.0 = Release|Any CPU
		{A240006F-2416-4DE6-8770-70AC3367C2DE}.Debug|Any CPU.ActiveCfg = Debug|Any CPU
		{A240006F-2416-4DE6-8770-70AC3367C2DE}.Debug|Any CPU.Build.0 = Debug|Any CPU
		{A240006F-2416-4DE6-8770-70AC3367C2DE}.Debug|x86.ActiveCfg = Debug|Any CPU
		{A240006F-2416-4DE6-8770-70AC3367C2DE}.Debug|x86.Build.0 = Debug|Any CPU
		{A240006F-2416-4DE6-8770-70AC3367C2DE}.Release|Any CPU.ActiveCfg = Release|Any CPU
		{A240006F-2416-4DE6-8770-70AC3367C2DE}.Release|Any CPU.Build.0 = Release|Any CPU
		{A240006F-2416-4DE6-8770-70AC3367C2DE}.Release|x86.ActiveCfg = Release|Any CPU
		{A240006F-2416-4DE6-8770-70AC3367C2DE}.Release|x86.Build.0 = Release|Any CPU
		{73306AD7-E663-4797-9DCB-10091DC3A4A8}.Debug|Any CPU.ActiveCfg = Debug|Any CPU
		{73306AD7-E663-4797-9DCB-10091DC3A4A8}.Debug|Any CPU.Build.0 = Debug|Any CPU
		{73306AD7-E663-4797-9DCB-10091DC3A4A8}.Debug|x86.ActiveCfg = Debug|Any CPU
		{73306AD7-E663-4797-9DCB-10091DC3A4A8}.Debug|x86.Build.0 = Debug|Any CPU
		{73306AD7-E663-4797-9DCB-10091DC3A4A8}.Release|Any CPU.ActiveCfg = Release|Any CPU
		{73306AD7-E663-4797-9DCB-10091DC3A4A8}.Release|Any CPU.Build.0 = Release|Any CPU
		{73306AD7-E663-4797-9DCB-10091DC3A4A8}.Release|x86.ActiveCfg = Release|Any CPU
		{73306AD7-E663-4797-9DCB-10091DC3A4A8}.Release|x86.Build.0 = Release|Any CPU
		{921EB18D-7376-4B75-8798-DBB74D3DD855}.Debug|Any CPU.ActiveCfg = Debug|Any CPU
		{921EB18D-7376-4B75-8798-DBB74D3DD855}.Debug|Any CPU.Build.0 = Debug|Any CPU
		{921EB18D-7376-4B75-8798-DBB74D3DD855}.Debug|x86.ActiveCfg = Debug|Any CPU
		{921EB18D-7376-4B75-8798-DBB74D3DD855}.Debug|x86.Build.0 = Debug|Any CPU
		{921EB18D-7376-4B75-8798-DBB74D3DD855}.Release|Any CPU.ActiveCfg = Release|Any CPU
		{921EB18D-7376-4B75-8798-DBB74D3DD855}.Release|Any CPU.Build.0 = Release|Any CPU
		{921EB18D-7376-4B75-8798-DBB74D3DD855}.Release|x86.ActiveCfg = Release|Any CPU
		{921EB18D-7376-4B75-8798-DBB74D3DD855}.Release|x86.Build.0 = Release|Any CPU
		{B588BD8A-DEFA-4CC2-A449-55807B0AF168}.Debug|Any CPU.ActiveCfg = Debug|Any CPU
		{B588BD8A-DEFA-4CC2-A449-55807B0AF168}.Debug|Any CPU.Build.0 = Debug|Any CPU
		{B588BD8A-DEFA-4CC2-A449-55807B0AF168}.Debug|x86.ActiveCfg = Debug|Any CPU
		{B588BD8A-DEFA-4CC2-A449-55807B0AF168}.Debug|x86.Build.0 = Debug|Any CPU
		{B588BD8A-DEFA-4CC2-A449-55807B0AF168}.Release|Any CPU.ActiveCfg = Release|Any CPU
		{B588BD8A-DEFA-4CC2-A449-55807B0AF168}.Release|Any CPU.Build.0 = Release|Any CPU
		{B588BD8A-DEFA-4CC2-A449-55807B0AF168}.Release|x86.ActiveCfg = Release|Any CPU
		{B588BD8A-DEFA-4CC2-A449-55807B0AF168}.Release|x86.Build.0 = Release|Any CPU
		{830E1522-5964-4FDA-AA1A-E0760D37EDF6}.Debug|Any CPU.ActiveCfg = Debug|Any CPU
		{830E1522-5964-4FDA-AA1A-E0760D37EDF6}.Debug|Any CPU.Build.0 = Debug|Any CPU
		{830E1522-5964-4FDA-AA1A-E0760D37EDF6}.Debug|x86.ActiveCfg = Debug|Any CPU
		{830E1522-5964-4FDA-AA1A-E0760D37EDF6}.Debug|x86.Build.0 = Debug|Any CPU
		{830E1522-5964-4FDA-AA1A-E0760D37EDF6}.Release|Any CPU.ActiveCfg = Release|Any CPU
		{830E1522-5964-4FDA-AA1A-E0760D37EDF6}.Release|Any CPU.Build.0 = Release|Any CPU
		{830E1522-5964-4FDA-AA1A-E0760D37EDF6}.Release|x86.ActiveCfg = Release|Any CPU
		{830E1522-5964-4FDA-AA1A-E0760D37EDF6}.Release|x86.Build.0 = Release|Any CPU
		{EBAFF36F-DEA4-496E-BDDB-74B7EEA83F56}.Debug|Any CPU.ActiveCfg = Debug|Any CPU
		{EBAFF36F-DEA4-496E-BDDB-74B7EEA83F56}.Debug|Any CPU.Build.0 = Debug|Any CPU
		{EBAFF36F-DEA4-496E-BDDB-74B7EEA83F56}.Debug|x86.ActiveCfg = Debug|Any CPU
		{EBAFF36F-DEA4-496E-BDDB-74B7EEA83F56}.Debug|x86.Build.0 = Debug|Any CPU
		{EBAFF36F-DEA4-496E-BDDB-74B7EEA83F56}.Release|Any CPU.ActiveCfg = Release|Any CPU
		{EBAFF36F-DEA4-496E-BDDB-74B7EEA83F56}.Release|Any CPU.Build.0 = Release|Any CPU
		{EBAFF36F-DEA4-496E-BDDB-74B7EEA83F56}.Release|x86.ActiveCfg = Release|Any CPU
		{EBAFF36F-DEA4-496E-BDDB-74B7EEA83F56}.Release|x86.Build.0 = Release|Any CPU
		{35F8A1E9-CA56-4C12-8A8D-363249F41C47}.Debug|Any CPU.ActiveCfg = Debug|Any CPU
		{35F8A1E9-CA56-4C12-8A8D-363249F41C47}.Debug|Any CPU.Build.0 = Debug|Any CPU
		{35F8A1E9-CA56-4C12-8A8D-363249F41C47}.Debug|x86.ActiveCfg = Debug|Any CPU
		{35F8A1E9-CA56-4C12-8A8D-363249F41C47}.Debug|x86.Build.0 = Debug|Any CPU
		{35F8A1E9-CA56-4C12-8A8D-363249F41C47}.Release|Any CPU.ActiveCfg = Release|Any CPU
		{35F8A1E9-CA56-4C12-8A8D-363249F41C47}.Release|Any CPU.Build.0 = Release|Any CPU
		{35F8A1E9-CA56-4C12-8A8D-363249F41C47}.Release|x86.ActiveCfg = Release|Any CPU
		{35F8A1E9-CA56-4C12-8A8D-363249F41C47}.Release|x86.Build.0 = Release|Any CPU
		{3C6318E8-CBA5-4E7C-A190-D47D4A28FED6}.Debug|Any CPU.ActiveCfg = Debug|Any CPU
		{3C6318E8-CBA5-4E7C-A190-D47D4A28FED6}.Debug|Any CPU.Build.0 = Debug|Any CPU
		{3C6318E8-CBA5-4E7C-A190-D47D4A28FED6}.Debug|x86.ActiveCfg = Debug|Any CPU
		{3C6318E8-CBA5-4E7C-A190-D47D4A28FED6}.Debug|x86.Build.0 = Debug|Any CPU
		{3C6318E8-CBA5-4E7C-A190-D47D4A28FED6}.Release|Any CPU.ActiveCfg = Release|Any CPU
		{3C6318E8-CBA5-4E7C-A190-D47D4A28FED6}.Release|Any CPU.Build.0 = Release|Any CPU
		{3C6318E8-CBA5-4E7C-A190-D47D4A28FED6}.Release|x86.ActiveCfg = Release|Any CPU
		{3C6318E8-CBA5-4E7C-A190-D47D4A28FED6}.Release|x86.Build.0 = Release|Any CPU
		{007E73A6-C269-4ABB-B903-6F3FFF17F64A}.Debug|Any CPU.ActiveCfg = Debug|Any CPU
		{007E73A6-C269-4ABB-B903-6F3FFF17F64A}.Debug|Any CPU.Build.0 = Debug|Any CPU
		{007E73A6-C269-4ABB-B903-6F3FFF17F64A}.Debug|x86.ActiveCfg = Debug|Any CPU
		{007E73A6-C269-4ABB-B903-6F3FFF17F64A}.Debug|x86.Build.0 = Debug|Any CPU
		{007E73A6-C269-4ABB-B903-6F3FFF17F64A}.Release|Any CPU.ActiveCfg = Release|Any CPU
		{007E73A6-C269-4ABB-B903-6F3FFF17F64A}.Release|Any CPU.Build.0 = Release|Any CPU
		{007E73A6-C269-4ABB-B903-6F3FFF17F64A}.Release|x86.ActiveCfg = Release|Any CPU
		{007E73A6-C269-4ABB-B903-6F3FFF17F64A}.Release|x86.Build.0 = Release|Any CPU
		{D0DDDD2C-DAE9-4166-AA7C-734B26A79ED2}.Debug|Any CPU.ActiveCfg = Debug|Any CPU
		{D0DDDD2C-DAE9-4166-AA7C-734B26A79ED2}.Debug|Any CPU.Build.0 = Debug|Any CPU
		{D0DDDD2C-DAE9-4166-AA7C-734B26A79ED2}.Debug|x86.ActiveCfg = Debug|Any CPU
		{D0DDDD2C-DAE9-4166-AA7C-734B26A79ED2}.Debug|x86.Build.0 = Debug|Any CPU
		{D0DDDD2C-DAE9-4166-AA7C-734B26A79ED2}.Release|Any CPU.ActiveCfg = Release|Any CPU
		{D0DDDD2C-DAE9-4166-AA7C-734B26A79ED2}.Release|Any CPU.Build.0 = Release|Any CPU
		{D0DDDD2C-DAE9-4166-AA7C-734B26A79ED2}.Release|x86.ActiveCfg = Release|Any CPU
		{D0DDDD2C-DAE9-4166-AA7C-734B26A79ED2}.Release|x86.Build.0 = Release|Any CPU
		{F245F52F-7E7A-4D02-A214-1AC7528AD63C}.Debug|Any CPU.ActiveCfg = Debug|Any CPU
		{F245F52F-7E7A-4D02-A214-1AC7528AD63C}.Debug|Any CPU.Build.0 = Debug|Any CPU
		{F245F52F-7E7A-4D02-A214-1AC7528AD63C}.Debug|x86.ActiveCfg = Debug|Any CPU
		{F245F52F-7E7A-4D02-A214-1AC7528AD63C}.Debug|x86.Build.0 = Debug|Any CPU
		{F245F52F-7E7A-4D02-A214-1AC7528AD63C}.Release|Any CPU.ActiveCfg = Release|Any CPU
		{F245F52F-7E7A-4D02-A214-1AC7528AD63C}.Release|Any CPU.Build.0 = Release|Any CPU
		{F245F52F-7E7A-4D02-A214-1AC7528AD63C}.Release|x86.ActiveCfg = Release|Any CPU
		{F245F52F-7E7A-4D02-A214-1AC7528AD63C}.Release|x86.Build.0 = Release|Any CPU
		{B6730635-5A79-4F64-AA63-1D6EAF369FEA}.Debug|Any CPU.ActiveCfg = Debug|Any CPU
		{B6730635-5A79-4F64-AA63-1D6EAF369FEA}.Debug|Any CPU.Build.0 = Debug|Any CPU
		{B6730635-5A79-4F64-AA63-1D6EAF369FEA}.Debug|x86.ActiveCfg = Debug|Any CPU
		{B6730635-5A79-4F64-AA63-1D6EAF369FEA}.Debug|x86.Build.0 = Debug|Any CPU
		{B6730635-5A79-4F64-AA63-1D6EAF369FEA}.Release|Any CPU.ActiveCfg = Release|Any CPU
		{B6730635-5A79-4F64-AA63-1D6EAF369FEA}.Release|Any CPU.Build.0 = Release|Any CPU
		{B6730635-5A79-4F64-AA63-1D6EAF369FEA}.Release|x86.ActiveCfg = Release|Any CPU
		{B6730635-5A79-4F64-AA63-1D6EAF369FEA}.Release|x86.Build.0 = Release|Any CPU
		{E3B24BA2-868C-4E8F-B400-34D8F14681AC}.Debug|Any CPU.ActiveCfg = Debug|Any CPU
		{E3B24BA2-868C-4E8F-B400-34D8F14681AC}.Debug|Any CPU.Build.0 = Debug|Any CPU
		{E3B24BA2-868C-4E8F-B400-34D8F14681AC}.Debug|x86.ActiveCfg = Debug|Any CPU
		{E3B24BA2-868C-4E8F-B400-34D8F14681AC}.Debug|x86.Build.0 = Debug|Any CPU
		{E3B24BA2-868C-4E8F-B400-34D8F14681AC}.Release|Any CPU.ActiveCfg = Release|Any CPU
		{E3B24BA2-868C-4E8F-B400-34D8F14681AC}.Release|Any CPU.Build.0 = Release|Any CPU
		{E3B24BA2-868C-4E8F-B400-34D8F14681AC}.Release|x86.ActiveCfg = Release|Any CPU
		{E3B24BA2-868C-4E8F-B400-34D8F14681AC}.Release|x86.Build.0 = Release|Any CPU
		{46C1FC7A-781C-4105-A550-73D27D49FB88}.Debug|Any CPU.ActiveCfg = Debug|Any CPU
		{46C1FC7A-781C-4105-A550-73D27D49FB88}.Debug|Any CPU.Build.0 = Debug|Any CPU
		{46C1FC7A-781C-4105-A550-73D27D49FB88}.Debug|x86.ActiveCfg = Debug|Any CPU
		{46C1FC7A-781C-4105-A550-73D27D49FB88}.Debug|x86.Build.0 = Debug|Any CPU
		{46C1FC7A-781C-4105-A550-73D27D49FB88}.Release|Any CPU.ActiveCfg = Release|Any CPU
		{46C1FC7A-781C-4105-A550-73D27D49FB88}.Release|Any CPU.Build.0 = Release|Any CPU
		{46C1FC7A-781C-4105-A550-73D27D49FB88}.Release|x86.ActiveCfg = Release|Any CPU
		{46C1FC7A-781C-4105-A550-73D27D49FB88}.Release|x86.Build.0 = Release|Any CPU
		{DA141569-F13B-4E07-B5EE-D4D14B58F8F8}.Debug|Any CPU.ActiveCfg = Debug|Any CPU
		{DA141569-F13B-4E07-B5EE-D4D14B58F8F8}.Debug|Any CPU.Build.0 = Debug|Any CPU
		{DA141569-F13B-4E07-B5EE-D4D14B58F8F8}.Debug|x86.ActiveCfg = Debug|Any CPU
		{DA141569-F13B-4E07-B5EE-D4D14B58F8F8}.Debug|x86.Build.0 = Debug|Any CPU
		{DA141569-F13B-4E07-B5EE-D4D14B58F8F8}.Release|Any CPU.ActiveCfg = Release|Any CPU
		{DA141569-F13B-4E07-B5EE-D4D14B58F8F8}.Release|Any CPU.Build.0 = Release|Any CPU
		{DA141569-F13B-4E07-B5EE-D4D14B58F8F8}.Release|x86.ActiveCfg = Release|Any CPU
		{DA141569-F13B-4E07-B5EE-D4D14B58F8F8}.Release|x86.Build.0 = Release|Any CPU
		{50B22B5D-7151-4FDC-9FC0-0CDA7231D40E}.Debug|Any CPU.ActiveCfg = Debug|Any CPU
		{50B22B5D-7151-4FDC-9FC0-0CDA7231D40E}.Debug|Any CPU.Build.0 = Debug|Any CPU
		{50B22B5D-7151-4FDC-9FC0-0CDA7231D40E}.Debug|x86.ActiveCfg = Debug|Any CPU
		{50B22B5D-7151-4FDC-9FC0-0CDA7231D40E}.Debug|x86.Build.0 = Debug|Any CPU
		{50B22B5D-7151-4FDC-9FC0-0CDA7231D40E}.Release|Any CPU.ActiveCfg = Release|Any CPU
		{50B22B5D-7151-4FDC-9FC0-0CDA7231D40E}.Release|Any CPU.Build.0 = Release|Any CPU
		{50B22B5D-7151-4FDC-9FC0-0CDA7231D40E}.Release|x86.ActiveCfg = Release|Any CPU
		{50B22B5D-7151-4FDC-9FC0-0CDA7231D40E}.Release|x86.Build.0 = Release|Any CPU
		{16B62BA9-0C01-4396-B204-5CE61EDE4672}.Debug|Any CPU.ActiveCfg = Debug|Any CPU
		{16B62BA9-0C01-4396-B204-5CE61EDE4672}.Debug|Any CPU.Build.0 = Debug|Any CPU
		{16B62BA9-0C01-4396-B204-5CE61EDE4672}.Debug|x86.ActiveCfg = Debug|Any CPU
		{16B62BA9-0C01-4396-B204-5CE61EDE4672}.Debug|x86.Build.0 = Debug|Any CPU
		{16B62BA9-0C01-4396-B204-5CE61EDE4672}.Release|Any CPU.ActiveCfg = Release|Any CPU
		{16B62BA9-0C01-4396-B204-5CE61EDE4672}.Release|Any CPU.Build.0 = Release|Any CPU
		{16B62BA9-0C01-4396-B204-5CE61EDE4672}.Release|x86.ActiveCfg = Release|Any CPU
		{16B62BA9-0C01-4396-B204-5CE61EDE4672}.Release|x86.Build.0 = Release|Any CPU
		{3FF216A5-1E0E-4CC9-A01C-282B1F207630}.Debug|Any CPU.ActiveCfg = Debug|Any CPU
		{3FF216A5-1E0E-4CC9-A01C-282B1F207630}.Debug|Any CPU.Build.0 = Debug|Any CPU
		{3FF216A5-1E0E-4CC9-A01C-282B1F207630}.Debug|x86.ActiveCfg = Debug|Any CPU
		{3FF216A5-1E0E-4CC9-A01C-282B1F207630}.Debug|x86.Build.0 = Debug|Any CPU
		{3FF216A5-1E0E-4CC9-A01C-282B1F207630}.Release|Any CPU.ActiveCfg = Release|Any CPU
		{3FF216A5-1E0E-4CC9-A01C-282B1F207630}.Release|Any CPU.Build.0 = Release|Any CPU
		{3FF216A5-1E0E-4CC9-A01C-282B1F207630}.Release|x86.ActiveCfg = Release|Any CPU
		{3FF216A5-1E0E-4CC9-A01C-282B1F207630}.Release|x86.Build.0 = Release|Any CPU
		{20003344-D7F8-4697-B197-AC347FD22A2A}.Debug|Any CPU.ActiveCfg = Debug|Any CPU
		{20003344-D7F8-4697-B197-AC347FD22A2A}.Debug|Any CPU.Build.0 = Debug|Any CPU
		{20003344-D7F8-4697-B197-AC347FD22A2A}.Debug|x86.ActiveCfg = Debug|Any CPU
		{20003344-D7F8-4697-B197-AC347FD22A2A}.Debug|x86.Build.0 = Debug|Any CPU
		{20003344-D7F8-4697-B197-AC347FD22A2A}.Release|Any CPU.ActiveCfg = Release|Any CPU
		{20003344-D7F8-4697-B197-AC347FD22A2A}.Release|Any CPU.Build.0 = Release|Any CPU
		{20003344-D7F8-4697-B197-AC347FD22A2A}.Release|x86.ActiveCfg = Release|Any CPU
		{20003344-D7F8-4697-B197-AC347FD22A2A}.Release|x86.Build.0 = Release|Any CPU
		{787BBD62-C22F-4E30-9620-ED5BFD725299}.Debug|Any CPU.ActiveCfg = Debug|Any CPU
		{787BBD62-C22F-4E30-9620-ED5BFD725299}.Debug|Any CPU.Build.0 = Debug|Any CPU
		{787BBD62-C22F-4E30-9620-ED5BFD725299}.Debug|x86.ActiveCfg = Debug|Any CPU
		{787BBD62-C22F-4E30-9620-ED5BFD725299}.Debug|x86.Build.0 = Debug|Any CPU
		{787BBD62-C22F-4E30-9620-ED5BFD725299}.Release|Any CPU.ActiveCfg = Release|Any CPU
		{787BBD62-C22F-4E30-9620-ED5BFD725299}.Release|Any CPU.Build.0 = Release|Any CPU
		{787BBD62-C22F-4E30-9620-ED5BFD725299}.Release|x86.ActiveCfg = Release|Any CPU
		{787BBD62-C22F-4E30-9620-ED5BFD725299}.Release|x86.Build.0 = Release|Any CPU
		{0A6A69E6-B790-4473-A4B4-1BA62F8B899A}.Debug|Any CPU.ActiveCfg = Debug|Any CPU
		{0A6A69E6-B790-4473-A4B4-1BA62F8B899A}.Debug|Any CPU.Build.0 = Debug|Any CPU
		{0A6A69E6-B790-4473-A4B4-1BA62F8B899A}.Debug|x86.ActiveCfg = Debug|Any CPU
		{0A6A69E6-B790-4473-A4B4-1BA62F8B899A}.Debug|x86.Build.0 = Debug|Any CPU
		{0A6A69E6-B790-4473-A4B4-1BA62F8B899A}.Release|Any CPU.ActiveCfg = Release|Any CPU
		{0A6A69E6-B790-4473-A4B4-1BA62F8B899A}.Release|Any CPU.Build.0 = Release|Any CPU
		{0A6A69E6-B790-4473-A4B4-1BA62F8B899A}.Release|x86.ActiveCfg = Release|Any CPU
		{0A6A69E6-B790-4473-A4B4-1BA62F8B899A}.Release|x86.Build.0 = Release|Any CPU
		{7D483FDE-F9B2-4275-A918-F0F5939CB31B}.Debug|Any CPU.ActiveCfg = Debug|Any CPU
		{7D483FDE-F9B2-4275-A918-F0F5939CB31B}.Debug|Any CPU.Build.0 = Debug|Any CPU
		{7D483FDE-F9B2-4275-A918-F0F5939CB31B}.Debug|x86.ActiveCfg = Debug|Any CPU
		{7D483FDE-F9B2-4275-A918-F0F5939CB31B}.Debug|x86.Build.0 = Debug|Any CPU
		{7D483FDE-F9B2-4275-A918-F0F5939CB31B}.Release|Any CPU.ActiveCfg = Release|Any CPU
		{7D483FDE-F9B2-4275-A918-F0F5939CB31B}.Release|Any CPU.Build.0 = Release|Any CPU
		{7D483FDE-F9B2-4275-A918-F0F5939CB31B}.Release|x86.ActiveCfg = Release|Any CPU
		{7D483FDE-F9B2-4275-A918-F0F5939CB31B}.Release|x86.Build.0 = Release|Any CPU
		{24711256-2645-4EF5-9530-71A4BC5903CD}.Debug|Any CPU.ActiveCfg = Debug|Any CPU
		{24711256-2645-4EF5-9530-71A4BC5903CD}.Debug|Any CPU.Build.0 = Debug|Any CPU
		{24711256-2645-4EF5-9530-71A4BC5903CD}.Debug|x86.ActiveCfg = Debug|Any CPU
		{24711256-2645-4EF5-9530-71A4BC5903CD}.Debug|x86.Build.0 = Debug|Any CPU
		{24711256-2645-4EF5-9530-71A4BC5903CD}.Release|Any CPU.ActiveCfg = Release|Any CPU
		{24711256-2645-4EF5-9530-71A4BC5903CD}.Release|Any CPU.Build.0 = Release|Any CPU
		{24711256-2645-4EF5-9530-71A4BC5903CD}.Release|x86.ActiveCfg = Release|Any CPU
		{24711256-2645-4EF5-9530-71A4BC5903CD}.Release|x86.Build.0 = Release|Any CPU
		{8DB6CE96-DBE4-458C-BD83-D9B1E2306D09}.Debug|Any CPU.ActiveCfg = Debug|Any CPU
		{8DB6CE96-DBE4-458C-BD83-D9B1E2306D09}.Debug|Any CPU.Build.0 = Debug|Any CPU
		{8DB6CE96-DBE4-458C-BD83-D9B1E2306D09}.Debug|x86.ActiveCfg = Debug|Any CPU
		{8DB6CE96-DBE4-458C-BD83-D9B1E2306D09}.Debug|x86.Build.0 = Debug|Any CPU
		{8DB6CE96-DBE4-458C-BD83-D9B1E2306D09}.Release|Any CPU.ActiveCfg = Release|Any CPU
		{8DB6CE96-DBE4-458C-BD83-D9B1E2306D09}.Release|Any CPU.Build.0 = Release|Any CPU
		{8DB6CE96-DBE4-458C-BD83-D9B1E2306D09}.Release|x86.ActiveCfg = Release|Any CPU
		{8DB6CE96-DBE4-458C-BD83-D9B1E2306D09}.Release|x86.Build.0 = Release|Any CPU
		{3E1FBC9A-38B2-44FD-AA71-61B5C121CFEA}.Debug|Any CPU.ActiveCfg = Debug|Any CPU
		{3E1FBC9A-38B2-44FD-AA71-61B5C121CFEA}.Debug|Any CPU.Build.0 = Debug|Any CPU
		{3E1FBC9A-38B2-44FD-AA71-61B5C121CFEA}.Debug|x86.ActiveCfg = Debug|Any CPU
		{3E1FBC9A-38B2-44FD-AA71-61B5C121CFEA}.Debug|x86.Build.0 = Debug|Any CPU
		{3E1FBC9A-38B2-44FD-AA71-61B5C121CFEA}.Release|Any CPU.ActiveCfg = Release|Any CPU
		{3E1FBC9A-38B2-44FD-AA71-61B5C121CFEA}.Release|Any CPU.Build.0 = Release|Any CPU
		{3E1FBC9A-38B2-44FD-AA71-61B5C121CFEA}.Release|x86.ActiveCfg = Release|Any CPU
		{3E1FBC9A-38B2-44FD-AA71-61B5C121CFEA}.Release|x86.Build.0 = Release|Any CPU
		{528DE4AE-4534-4576-AF86-DB9E870AB670}.Debug|Any CPU.ActiveCfg = Debug|Any CPU
		{528DE4AE-4534-4576-AF86-DB9E870AB670}.Debug|Any CPU.Build.0 = Debug|Any CPU
		{528DE4AE-4534-4576-AF86-DB9E870AB670}.Debug|x86.ActiveCfg = Debug|Any CPU
		{528DE4AE-4534-4576-AF86-DB9E870AB670}.Debug|x86.Build.0 = Debug|Any CPU
		{528DE4AE-4534-4576-AF86-DB9E870AB670}.Release|Any CPU.ActiveCfg = Release|Any CPU
		{528DE4AE-4534-4576-AF86-DB9E870AB670}.Release|Any CPU.Build.0 = Release|Any CPU
		{528DE4AE-4534-4576-AF86-DB9E870AB670}.Release|x86.ActiveCfg = Release|Any CPU
		{528DE4AE-4534-4576-AF86-DB9E870AB670}.Release|x86.Build.0 = Release|Any CPU
		{126E416E-7C5D-473B-9710-BC70F57F37C5}.Debug|Any CPU.ActiveCfg = Debug|Any CPU
		{126E416E-7C5D-473B-9710-BC70F57F37C5}.Debug|Any CPU.Build.0 = Debug|Any CPU
		{126E416E-7C5D-473B-9710-BC70F57F37C5}.Debug|x86.ActiveCfg = Debug|Any CPU
		{126E416E-7C5D-473B-9710-BC70F57F37C5}.Debug|x86.Build.0 = Debug|Any CPU
		{126E416E-7C5D-473B-9710-BC70F57F37C5}.Release|Any CPU.ActiveCfg = Release|Any CPU
		{126E416E-7C5D-473B-9710-BC70F57F37C5}.Release|Any CPU.Build.0 = Release|Any CPU
		{126E416E-7C5D-473B-9710-BC70F57F37C5}.Release|x86.ActiveCfg = Release|Any CPU
		{126E416E-7C5D-473B-9710-BC70F57F37C5}.Release|x86.Build.0 = Release|Any CPU
		{DD39A887-9085-4299-B94A-DFC1F909882F}.Debug|Any CPU.ActiveCfg = Debug|Any CPU
		{DD39A887-9085-4299-B94A-DFC1F909882F}.Debug|Any CPU.Build.0 = Debug|Any CPU
		{DD39A887-9085-4299-B94A-DFC1F909882F}.Debug|x86.ActiveCfg = Debug|Any CPU
		{DD39A887-9085-4299-B94A-DFC1F909882F}.Debug|x86.Build.0 = Debug|Any CPU
		{DD39A887-9085-4299-B94A-DFC1F909882F}.Release|Any CPU.ActiveCfg = Release|Any CPU
		{DD39A887-9085-4299-B94A-DFC1F909882F}.Release|Any CPU.Build.0 = Release|Any CPU
		{DD39A887-9085-4299-B94A-DFC1F909882F}.Release|x86.ActiveCfg = Release|Any CPU
		{DD39A887-9085-4299-B94A-DFC1F909882F}.Release|x86.Build.0 = Release|Any CPU
		{14434AF6-CE54-42AB-B94E-613A85EE3492}.Debug|Any CPU.ActiveCfg = Debug|Any CPU
		{14434AF6-CE54-42AB-B94E-613A85EE3492}.Debug|Any CPU.Build.0 = Debug|Any CPU
		{14434AF6-CE54-42AB-B94E-613A85EE3492}.Debug|x86.ActiveCfg = Debug|Any CPU
		{14434AF6-CE54-42AB-B94E-613A85EE3492}.Debug|x86.Build.0 = Debug|Any CPU
		{14434AF6-CE54-42AB-B94E-613A85EE3492}.Release|Any CPU.ActiveCfg = Release|Any CPU
		{14434AF6-CE54-42AB-B94E-613A85EE3492}.Release|Any CPU.Build.0 = Release|Any CPU
		{14434AF6-CE54-42AB-B94E-613A85EE3492}.Release|x86.ActiveCfg = Release|Any CPU
		{14434AF6-CE54-42AB-B94E-613A85EE3492}.Release|x86.Build.0 = Release|Any CPU
		{FCACFA3E-F8A0-4131-81A4-CFE36EC25F4C}.Debug|Any CPU.ActiveCfg = Debug|Any CPU
		{FCACFA3E-F8A0-4131-81A4-CFE36EC25F4C}.Debug|Any CPU.Build.0 = Debug|Any CPU
		{FCACFA3E-F8A0-4131-81A4-CFE36EC25F4C}.Debug|x86.ActiveCfg = Debug|Any CPU
		{FCACFA3E-F8A0-4131-81A4-CFE36EC25F4C}.Debug|x86.Build.0 = Debug|Any CPU
		{FCACFA3E-F8A0-4131-81A4-CFE36EC25F4C}.Release|Any CPU.ActiveCfg = Release|Any CPU
		{FCACFA3E-F8A0-4131-81A4-CFE36EC25F4C}.Release|Any CPU.Build.0 = Release|Any CPU
		{FCACFA3E-F8A0-4131-81A4-CFE36EC25F4C}.Release|x86.ActiveCfg = Release|Any CPU
		{FCACFA3E-F8A0-4131-81A4-CFE36EC25F4C}.Release|x86.Build.0 = Release|Any CPU
		{EFA5797C-D59B-41DD-BE99-B6F163A2F82A}.Debug|Any CPU.ActiveCfg = Debug|Any CPU
		{EFA5797C-D59B-41DD-BE99-B6F163A2F82A}.Debug|Any CPU.Build.0 = Debug|Any CPU
		{EFA5797C-D59B-41DD-BE99-B6F163A2F82A}.Debug|x86.ActiveCfg = Debug|Any CPU
		{EFA5797C-D59B-41DD-BE99-B6F163A2F82A}.Debug|x86.Build.0 = Debug|Any CPU
		{EFA5797C-D59B-41DD-BE99-B6F163A2F82A}.Release|Any CPU.ActiveCfg = Release|Any CPU
		{EFA5797C-D59B-41DD-BE99-B6F163A2F82A}.Release|Any CPU.Build.0 = Release|Any CPU
		{EFA5797C-D59B-41DD-BE99-B6F163A2F82A}.Release|x86.ActiveCfg = Release|Any CPU
		{EFA5797C-D59B-41DD-BE99-B6F163A2F82A}.Release|x86.Build.0 = Release|Any CPU
		{4AB6CB7E-4F4A-444C-8549-CA0F8DCFBEA5}.Debug|Any CPU.ActiveCfg = Debug|Any CPU
		{4AB6CB7E-4F4A-444C-8549-CA0F8DCFBEA5}.Debug|Any CPU.Build.0 = Debug|Any CPU
		{4AB6CB7E-4F4A-444C-8549-CA0F8DCFBEA5}.Debug|x86.ActiveCfg = Debug|Any CPU
		{4AB6CB7E-4F4A-444C-8549-CA0F8DCFBEA5}.Debug|x86.Build.0 = Debug|Any CPU
		{4AB6CB7E-4F4A-444C-8549-CA0F8DCFBEA5}.Release|Any CPU.ActiveCfg = Release|Any CPU
		{4AB6CB7E-4F4A-444C-8549-CA0F8DCFBEA5}.Release|Any CPU.Build.0 = Release|Any CPU
		{4AB6CB7E-4F4A-444C-8549-CA0F8DCFBEA5}.Release|x86.ActiveCfg = Release|Any CPU
		{4AB6CB7E-4F4A-444C-8549-CA0F8DCFBEA5}.Release|x86.Build.0 = Release|Any CPU
		{36611726-905E-4798-B2B7-49DE78EECDE7}.Debug|Any CPU.ActiveCfg = Debug|Any CPU
		{36611726-905E-4798-B2B7-49DE78EECDE7}.Debug|Any CPU.Build.0 = Debug|Any CPU
		{36611726-905E-4798-B2B7-49DE78EECDE7}.Debug|x86.ActiveCfg = Debug|Any CPU
		{36611726-905E-4798-B2B7-49DE78EECDE7}.Debug|x86.Build.0 = Debug|Any CPU
		{36611726-905E-4798-B2B7-49DE78EECDE7}.Release|Any CPU.ActiveCfg = Release|Any CPU
		{36611726-905E-4798-B2B7-49DE78EECDE7}.Release|Any CPU.Build.0 = Release|Any CPU
		{36611726-905E-4798-B2B7-49DE78EECDE7}.Release|x86.ActiveCfg = Release|Any CPU
		{36611726-905E-4798-B2B7-49DE78EECDE7}.Release|x86.Build.0 = Release|Any CPU
		{5154311C-993B-4269-B45B-5C9209078452}.Debug|Any CPU.ActiveCfg = Debug|Any CPU
		{5154311C-993B-4269-B45B-5C9209078452}.Debug|Any CPU.Build.0 = Debug|Any CPU
		{5154311C-993B-4269-B45B-5C9209078452}.Debug|x86.ActiveCfg = Debug|Any CPU
		{5154311C-993B-4269-B45B-5C9209078452}.Debug|x86.Build.0 = Debug|Any CPU
		{5154311C-993B-4269-B45B-5C9209078452}.Release|Any CPU.ActiveCfg = Release|Any CPU
		{5154311C-993B-4269-B45B-5C9209078452}.Release|Any CPU.Build.0 = Release|Any CPU
		{5154311C-993B-4269-B45B-5C9209078452}.Release|x86.ActiveCfg = Release|Any CPU
		{5154311C-993B-4269-B45B-5C9209078452}.Release|x86.Build.0 = Release|Any CPU
		{C079B0C6-A01E-4B25-9297-C71C658EF7A4}.Debug|Any CPU.ActiveCfg = Debug|Any CPU
		{C079B0C6-A01E-4B25-9297-C71C658EF7A4}.Debug|Any CPU.Build.0 = Debug|Any CPU
		{C079B0C6-A01E-4B25-9297-C71C658EF7A4}.Debug|x86.ActiveCfg = Debug|Any CPU
		{C079B0C6-A01E-4B25-9297-C71C658EF7A4}.Debug|x86.Build.0 = Debug|Any CPU
		{C079B0C6-A01E-4B25-9297-C71C658EF7A4}.Release|Any CPU.ActiveCfg = Release|Any CPU
		{C079B0C6-A01E-4B25-9297-C71C658EF7A4}.Release|Any CPU.Build.0 = Release|Any CPU
		{C079B0C6-A01E-4B25-9297-C71C658EF7A4}.Release|x86.ActiveCfg = Release|Any CPU
		{C079B0C6-A01E-4B25-9297-C71C658EF7A4}.Release|x86.Build.0 = Release|Any CPU
		{77A8DB7B-30A6-42A0-A8F6-482BB49EB3EC}.Debug|Any CPU.ActiveCfg = Debug|Any CPU
		{77A8DB7B-30A6-42A0-A8F6-482BB49EB3EC}.Debug|Any CPU.Build.0 = Debug|Any CPU
		{77A8DB7B-30A6-42A0-A8F6-482BB49EB3EC}.Debug|x86.ActiveCfg = Debug|Any CPU
		{77A8DB7B-30A6-42A0-A8F6-482BB49EB3EC}.Debug|x86.Build.0 = Debug|Any CPU
		{77A8DB7B-30A6-42A0-A8F6-482BB49EB3EC}.Release|Any CPU.ActiveCfg = Release|Any CPU
		{77A8DB7B-30A6-42A0-A8F6-482BB49EB3EC}.Release|Any CPU.Build.0 = Release|Any CPU
		{77A8DB7B-30A6-42A0-A8F6-482BB49EB3EC}.Release|x86.ActiveCfg = Release|Any CPU
		{77A8DB7B-30A6-42A0-A8F6-482BB49EB3EC}.Release|x86.Build.0 = Release|Any CPU
		{B55557BC-25A9-496C-B29A-3011C557D9BA}.Debug|Any CPU.ActiveCfg = Debug|Any CPU
		{B55557BC-25A9-496C-B29A-3011C557D9BA}.Debug|Any CPU.Build.0 = Debug|Any CPU
		{B55557BC-25A9-496C-B29A-3011C557D9BA}.Debug|x86.ActiveCfg = Debug|Any CPU
		{B55557BC-25A9-496C-B29A-3011C557D9BA}.Debug|x86.Build.0 = Debug|Any CPU
		{B55557BC-25A9-496C-B29A-3011C557D9BA}.Release|Any CPU.ActiveCfg = Release|Any CPU
		{B55557BC-25A9-496C-B29A-3011C557D9BA}.Release|Any CPU.Build.0 = Release|Any CPU
		{B55557BC-25A9-496C-B29A-3011C557D9BA}.Release|x86.ActiveCfg = Release|Any CPU
		{B55557BC-25A9-496C-B29A-3011C557D9BA}.Release|x86.Build.0 = Release|Any CPU
	EndGlobalSection
	GlobalSection(SolutionProperties) = preSolution
		HideSolutionNode = FALSE
	EndGlobalSection
	GlobalSection(NestedProjects) = preSolution
		{F52D7E62-1458-40E4-8F38-2DF53E51AF7C} = {3DC3AB0B-17DA-4EF0-BA64-B6DA1C79AFA9}
		{C2AF0E50-2CCB-4B9D-8922-F0D533EBDB6D} = {3DC3AB0B-17DA-4EF0-BA64-B6DA1C79AFA9}
		{57421342-3FBC-42C1-ABF6-8945C88243D1} = {3DC3AB0B-17DA-4EF0-BA64-B6DA1C79AFA9}
		{02720F77-8F4D-47F1-B733-F8C5E6048A0C} = {3DC3AB0B-17DA-4EF0-BA64-B6DA1C79AFA9}
		{39CD7A70-688C-432C-933B-9E70E57C09A9} = {3DC3AB0B-17DA-4EF0-BA64-B6DA1C79AFA9}
		{695744BE-43A5-4C1C-80F3-5B86A523B2A2} = {3DC3AB0B-17DA-4EF0-BA64-B6DA1C79AFA9}
		{1DA64CDF-CD32-4276-B6EE-7640A111F4C1} = {3DC3AB0B-17DA-4EF0-BA64-B6DA1C79AFA9}
		{A044FC42-D007-4902-8A20-509CCDB22380} = {3DC3AB0B-17DA-4EF0-BA64-B6DA1C79AFA9}
		{A240006F-2416-4DE6-8770-70AC3367C2DE} = {5B65411C-F5DE-4108-8C12-258138533F32}
		{73306AD7-E663-4797-9DCB-10091DC3A4A8} = {5B65411C-F5DE-4108-8C12-258138533F32}
		{921EB18D-7376-4B75-8798-DBB74D3DD855} = {5B65411C-F5DE-4108-8C12-258138533F32}
		{B588BD8A-DEFA-4CC2-A449-55807B0AF168} = {5B65411C-F5DE-4108-8C12-258138533F32}
		{830E1522-5964-4FDA-AA1A-E0760D37EDF6} = {5B65411C-F5DE-4108-8C12-258138533F32}
		{EBAFF36F-DEA4-496E-BDDB-74B7EEA83F56} = {5B65411C-F5DE-4108-8C12-258138533F32}
		{3C6318E8-CBA5-4E7C-A190-D47D4A28FED6} = {61E32CD5-1E89-4586-8B7D-F59A7F320D15}
		{007E73A6-C269-4ABB-B903-6F3FFF17F64A} = {61E32CD5-1E89-4586-8B7D-F59A7F320D15}
		{D0DDDD2C-DAE9-4166-AA7C-734B26A79ED2} = {61E32CD5-1E89-4586-8B7D-F59A7F320D15}
		{F245F52F-7E7A-4D02-A214-1AC7528AD63C} = {61E32CD5-1E89-4586-8B7D-F59A7F320D15}
		{B6730635-5A79-4F64-AA63-1D6EAF369FEA} = {61E32CD5-1E89-4586-8B7D-F59A7F320D15}
		{E3B24BA2-868C-4E8F-B400-34D8F14681AC} = {61E32CD5-1E89-4586-8B7D-F59A7F320D15}
		{46C1FC7A-781C-4105-A550-73D27D49FB88} = {F972FC1D-967A-419A-8EC2-B9DFDC6054A1}
		{DA141569-F13B-4E07-B5EE-D4D14B58F8F8} = {F972FC1D-967A-419A-8EC2-B9DFDC6054A1}
		{50B22B5D-7151-4FDC-9FC0-0CDA7231D40E} = {F972FC1D-967A-419A-8EC2-B9DFDC6054A1}
		{16B62BA9-0C01-4396-B204-5CE61EDE4672} = {F972FC1D-967A-419A-8EC2-B9DFDC6054A1}
		{3FF216A5-1E0E-4CC9-A01C-282B1F207630} = {F972FC1D-967A-419A-8EC2-B9DFDC6054A1}
		{20003344-D7F8-4697-B197-AC347FD22A2A} = {F972FC1D-967A-419A-8EC2-B9DFDC6054A1}
		{787BBD62-C22F-4E30-9620-ED5BFD725299} = {7DA5BB97-AB44-4612-9DA7-4468663D56AB}
		{0A6A69E6-B790-4473-A4B4-1BA62F8B899A} = {7DA5BB97-AB44-4612-9DA7-4468663D56AB}
		{7D483FDE-F9B2-4275-A918-F0F5939CB31B} = {7DA5BB97-AB44-4612-9DA7-4468663D56AB}
		{24711256-2645-4EF5-9530-71A4BC5903CD} = {7DA5BB97-AB44-4612-9DA7-4468663D56AB}
		{8DB6CE96-DBE4-458C-BD83-D9B1E2306D09} = {7DA5BB97-AB44-4612-9DA7-4468663D56AB}
		{3E1FBC9A-38B2-44FD-AA71-61B5C121CFEA} = {7DA5BB97-AB44-4612-9DA7-4468663D56AB}
		{528DE4AE-4534-4576-AF86-DB9E870AB670} = {D0E308E1-5FD4-4E3A-9EBA-B0E98D5B4167}
		{126E416E-7C5D-473B-9710-BC70F57F37C5} = {D0E308E1-5FD4-4E3A-9EBA-B0E98D5B4167}
		{DD39A887-9085-4299-B94A-DFC1F909882F} = {D0E308E1-5FD4-4E3A-9EBA-B0E98D5B4167}
		{14434AF6-CE54-42AB-B94E-613A85EE3492} = {D0E308E1-5FD4-4E3A-9EBA-B0E98D5B4167}
		{FCACFA3E-F8A0-4131-81A4-CFE36EC25F4C} = {D0E308E1-5FD4-4E3A-9EBA-B0E98D5B4167}
		{EFA5797C-D59B-41DD-BE99-B6F163A2F82A} = {D0E308E1-5FD4-4E3A-9EBA-B0E98D5B4167}
		{4AB6CB7E-4F4A-444C-8549-CA0F8DCFBEA5} = {70CE7D64-5E76-4266-8426-38B8A0861E79}
		{36611726-905E-4798-B2B7-49DE78EECDE7} = {70CE7D64-5E76-4266-8426-38B8A0861E79}
		{5154311C-993B-4269-B45B-5C9209078452} = {70CE7D64-5E76-4266-8426-38B8A0861E79}
		{C079B0C6-A01E-4B25-9297-C71C658EF7A4} = {70CE7D64-5E76-4266-8426-38B8A0861E79}
		{77A8DB7B-30A6-42A0-A8F6-482BB49EB3EC} = {70CE7D64-5E76-4266-8426-38B8A0861E79}
		{B55557BC-25A9-496C-B29A-3011C557D9BA} = {70CE7D64-5E76-4266-8426-38B8A0861E79}
	EndGlobalSection
	GlobalSection(ExtensibilityGlobals) = postSolution
		SolutionGuid = {98BF9103-62BD-4877-BB96-07700B326B3D}
	EndGlobalSection
EndGlobal
