Microsoft Visual Studio Solution File, Format Version 12.00
# Visual Studio Version 16
VisualStudioVersion = 16.0.29924.181
MinimumVisualStudioVersion = 10.0.40219.1
Project("{FAE04EC0-301F-11D3-BF4B-00C04F79EFBC}") = "WebView2WrapperWinFormsTest", "WebView2WrapperWinFormsTest\WebView2WrapperWinFormsTest.csproj", "{F94D431B-B4EA-45AB-9864-FEB3148B95EC}"
EndProject
Project("{2150E333-8FDC-42A3-9474-1A3956D46DE8}") = "Solution Items", "Solution Items", "{BA813F56-87A6-4F00-8816-EF181DC956A8}"
	ProjectSection(SolutionItems) = preProject
		solution_info.txt = solution_info.txt
	EndProjectSection
EndProject
Project("{9A19103F-16F7-4668-BE54-9A1E7A4F7556}") = "WebView2WrapperWinFormsTest.Core", "WebView2WrapperWinFormsTest.Core\WebView2WrapperWinFormsTest.Core.csproj", "{35F8A1E9-CA56-4C12-8A8D-363249F41C47}"
EndProject
Project("{2150E333-8FDC-42A3-9474-1A3956D46DE8}") = "V1077444", "V1077444", "{D0E308E1-5FD4-4E3A-9EBA-B0E98D5B4167}"
EndProject
Project("{FAE04EC0-301F-11D3-BF4B-00C04F79EFBC}") = "Diga.WebView2.Interop.V1077444", "V1077444\Diga.WebView2.Interop.V1077444\Diga.WebView2.Interop.V1077444.csproj", "{528DE4AE-4534-4576-AF86-DB9E870AB670}"
EndProject
Project("{FAE04EC0-301F-11D3-BF4B-00C04F79EFBC}") = "Diga.WebView2.Wrapper.V1077444", "V1077444\Diga.WebView2.Wrapper.V1077444\Diga.WebView2.Wrapper.V1077444.csproj", "{126E416E-7C5D-473B-9710-BC70F57F37C5}"
EndProject
Project("{FAE04EC0-301F-11D3-BF4B-00C04F79EFBC}") = "Diga.WebView2.WinForms.V1077444", "V1077444\Diga.WebView2.WinForms.V1077444\Diga.WebView2.WinForms.V1077444.csproj", "{DD39A887-9085-4299-B94A-DFC1F909882F}"
EndProject
Project("{9A19103F-16F7-4668-BE54-9A1E7A4F7556}") = "Diga.WebView2.Interop.Std.V1077444", "V1077444\Diga.WebView2.Interop.Std.V1077444\Diga.WebView2.Interop.Std.V1077444.csproj", "{14434AF6-CE54-42AB-B94E-613A85EE3492}"
EndProject
Project("{9A19103F-16F7-4668-BE54-9A1E7A4F7556}") = "Diga.WebView2.Wrapper.Std.V1077444", "V1077444\Diga.WebView2.Wrapper.Std.V1077444\Diga.WebView2.Wrapper.Std.V1077444.csproj", "{FCACFA3E-F8A0-4131-81A4-CFE36EC25F4C}"
EndProject
Project("{9A19103F-16F7-4668-BE54-9A1E7A4F7556}") = "Diga.WebView2.WinForms.Core.V1077444", "V1077444\Diga.WebView2.WinForms.Core.V1077444\Diga.WebView2.WinForms.Core.V1077444.csproj", "{EFA5797C-D59B-41DD-BE99-B6F163A2F82A}"
EndProject
Project("{2150E333-8FDC-42A3-9474-1A3956D46DE8}") = "V1086435", "V1086435", "{70CE7D64-5E76-4266-8426-38B8A0861E79}"
EndProject
Project("{9A19103F-16F7-4668-BE54-9A1E7A4F7556}") = "Diga.WebView2.Interop.Std.V1086435", "V1086435\Diga.WebView2.Interop.Std.V1086435\Diga.WebView2.Interop.Std.V1086435.csproj", "{4AB6CB7E-4F4A-444C-8549-CA0F8DCFBEA5}"
EndProject
Project("{FAE04EC0-301F-11D3-BF4B-00C04F79EFBC}") = "Diga.WebView2.Interop.V1086435", "V1086435\Diga.WebView2.Interop.V1086435\Diga.WebView2.Interop.V1086435.csproj", "{36611726-905E-4798-B2B7-49DE78EECDE7}"
EndProject
Project("{FAE04EC0-301F-11D3-BF4B-00C04F79EFBC}") = "Diga.WebView2.Wrapper.V1086435", "V1086435\Diga.WebView2.Wrapper.V1086435\Diga.WebView2.Wrapper.V1086435.csproj", "{5154311C-993B-4269-B45B-5C9209078452}"
EndProject
Project("{9A19103F-16F7-4668-BE54-9A1E7A4F7556}") = "Diga.WebView2.Wrapper.Std.V1086435", "V1086435\Diga.WebView2.Wrapper.Std.V1086435\Diga.WebView2.Wrapper.Std.V1086435.csproj", "{C079B0C6-A01E-4B25-9297-C71C658EF7A4}"
EndProject
Project("{FAE04EC0-301F-11D3-BF4B-00C04F79EFBC}") = "Diga.WebView2.WinForms.V1086435", "V1086435\Diga.WebView2.WinForms.V1086435\Diga.WebView2.WinForms.V1086435.csproj", "{77A8DB7B-30A6-42A0-A8F6-482BB49EB3EC}"
EndProject
Project("{9A19103F-16F7-4668-BE54-9A1E7A4F7556}") = "Diga.WebView2.WinForms.Core.V1086435", "V1086435\Diga.WebView2.WinForms.Core.V1086435\Diga.WebView2.WinForms.Core.V1086435.csproj", "{B55557BC-25A9-496C-B29A-3011C557D9BA}"
EndProject
Global
	GlobalSection(SolutionConfigurationPlatforms) = preSolution
		Debug|Any CPU = Debug|Any CPU
		Debug|x86 = Debug|x86
		Release|Any CPU = Release|Any CPU
		Release|x86 = Release|x86
	EndGlobalSection
	GlobalSection(ProjectConfigurationPlatforms) = postSolution
		{F94D431B-B4EA-45AB-9864-FEB3148B95EC}.Debug|Any CPU.ActiveCfg = Debug|Any CPU
		{F94D431B-B4EA-45AB-9864-FEB3148B95EC}.Debug|Any CPU.Build.0 = Debug|Any CPU
		{F94D431B-B4EA-45AB-9864-FEB3148B95EC}.Debug|x86.ActiveCfg = Debug|Any CPU
		{F94D431B-B4EA-45AB-9864-FEB3148B95EC}.Debug|x86.Build.0 = Debug|Any CPU
		{F94D431B-B4EA-45AB-9864-FEB3148B95EC}.Release|Any CPU.ActiveCfg = Release|Any CPU
		{F94D431B-B4EA-45AB-9864-FEB3148B95EC}.Release|Any CPU.Build.0 = Release|Any CPU
		{F94D431B-B4EA-45AB-9864-FEB3148B95EC}.Release|x86.ActiveCfg = Release|Any CPU
		{F94D431B-B4EA-45AB-9864-FEB3148B95EC}.Release|x86.Build.0 = Release|Any CPU
		{35F8A1E9-CA56-4C12-8A8D-363249F41C47}.Debug|Any CPU.ActiveCfg = Debug|Any CPU
		{35F8A1E9-CA56-4C12-8A8D-363249F41C47}.Debug|Any CPU.Build.0 = Debug|Any CPU
		{35F8A1E9-CA56-4C12-8A8D-363249F41C47}.Debug|x86.ActiveCfg = Debug|Any CPU
		{35F8A1E9-CA56-4C12-8A8D-363249F41C47}.Debug|x86.Build.0 = Debug|Any CPU
		{35F8A1E9-CA56-4C12-8A8D-363249F41C47}.Release|Any CPU.ActiveCfg = Release|Any CPU
		{35F8A1E9-CA56-4C12-8A8D-363249F41C47}.Release|Any CPU.Build.0 = Release|Any CPU
		{35F8A1E9-CA56-4C12-8A8D-363249F41C47}.Release|x86.ActiveCfg = Release|Any CPU
		{35F8A1E9-CA56-4C12-8A8D-363249F41C47}.Release|x86.Build.0 = Release|Any CPU
		{528DE4AE-4534-4576-AF86-DB9E870AB670}.Debug|Any CPU.ActiveCfg = Debug|Any CPU
		{528DE4AE-4534-4576-AF86-DB9E870AB670}.Debug|Any CPU.Build.0 = Debug|Any CPU
		{528DE4AE-4534-4576-AF86-DB9E870AB670}.Debug|x86.ActiveCfg = Debug|Any CPU
		{528DE4AE-4534-4576-AF86-DB9E870AB670}.Debug|x86.Build.0 = Debug|Any CPU
		{528DE4AE-4534-4576-AF86-DB9E870AB670}.Release|Any CPU.ActiveCfg = Release|Any CPU
		{528DE4AE-4534-4576-AF86-DB9E870AB670}.Release|Any CPU.Build.0 = Release|Any CPU
		{528DE4AE-4534-4576-AF86-DB9E870AB670}.Release|x86.ActiveCfg = Release|Any CPU
		{528DE4AE-4534-4576-AF86-DB9E870AB670}.Release|x86.Build.0 = Release|Any CPU
		{126E416E-7C5D-473B-9710-BC70F57F37C5}.Debug|Any CPU.ActiveCfg = Debug|Any CPU
		{126E416E-7C5D-473B-9710-BC70F57F37C5}.Debug|Any CPU.Build.0 = Debug|Any CPU
		{126E416E-7C5D-473B-9710-BC70F57F37C5}.Debug|x86.ActiveCfg = Debug|Any CPU
		{126E416E-7C5D-473B-9710-BC70F57F37C5}.Debug|x86.Build.0 = Debug|Any CPU
		{126E416E-7C5D-473B-9710-BC70F57F37C5}.Release|Any CPU.ActiveCfg = Release|Any CPU
		{126E416E-7C5D-473B-9710-BC70F57F37C5}.Release|Any CPU.Build.0 = Release|Any CPU
		{126E416E-7C5D-473B-9710-BC70F57F37C5}.Release|x86.ActiveCfg = Release|Any CPU
		{126E416E-7C5D-473B-9710-BC70F57F37C5}.Release|x86.Build.0 = Release|Any CPU
		{DD39A887-9085-4299-B94A-DFC1F909882F}.Debug|Any CPU.ActiveCfg = Debug|Any CPU
		{DD39A887-9085-4299-B94A-DFC1F909882F}.Debug|Any CPU.Build.0 = Debug|Any CPU
		{DD39A887-9085-4299-B94A-DFC1F909882F}.Debug|x86.ActiveCfg = Debug|Any CPU
		{DD39A887-9085-4299-B94A-DFC1F909882F}.Debug|x86.Build.0 = Debug|Any CPU
		{DD39A887-9085-4299-B94A-DFC1F909882F}.Release|Any CPU.ActiveCfg = Release|Any CPU
		{DD39A887-9085-4299-B94A-DFC1F909882F}.Release|Any CPU.Build.0 = Release|Any CPU
		{DD39A887-9085-4299-B94A-DFC1F909882F}.Release|x86.ActiveCfg = Release|Any CPU
		{DD39A887-9085-4299-B94A-DFC1F909882F}.Release|x86.Build.0 = Release|Any CPU
		{14434AF6-CE54-42AB-B94E-613A85EE3492}.Debug|Any CPU.ActiveCfg = Debug|Any CPU
		{14434AF6-CE54-42AB-B94E-613A85EE3492}.Debug|Any CPU.Build.0 = Debug|Any CPU
		{14434AF6-CE54-42AB-B94E-613A85EE3492}.Debug|x86.ActiveCfg = Debug|Any CPU
		{14434AF6-CE54-42AB-B94E-613A85EE3492}.Debug|x86.Build.0 = Debug|Any CPU
		{14434AF6-CE54-42AB-B94E-613A85EE3492}.Release|Any CPU.ActiveCfg = Release|Any CPU
		{14434AF6-CE54-42AB-B94E-613A85EE3492}.Release|Any CPU.Build.0 = Release|Any CPU
		{14434AF6-CE54-42AB-B94E-613A85EE3492}.Release|x86.ActiveCfg = Release|Any CPU
		{14434AF6-CE54-42AB-B94E-613A85EE3492}.Release|x86.Build.0 = Release|Any CPU
		{FCACFA3E-F8A0-4131-81A4-CFE36EC25F4C}.Debug|Any CPU.ActiveCfg = Debug|Any CPU
		{FCACFA3E-F8A0-4131-81A4-CFE36EC25F4C}.Debug|Any CPU.Build.0 = Debug|Any CPU
		{FCACFA3E-F8A0-4131-81A4-CFE36EC25F4C}.Debug|x86.ActiveCfg = Debug|Any CPU
		{FCACFA3E-F8A0-4131-81A4-CFE36EC25F4C}.Debug|x86.Build.0 = Debug|Any CPU
		{FCACFA3E-F8A0-4131-81A4-CFE36EC25F4C}.Release|Any CPU.ActiveCfg = Release|Any CPU
		{FCACFA3E-F8A0-4131-81A4-CFE36EC25F4C}.Release|Any CPU.Build.0 = Release|Any CPU
		{FCACFA3E-F8A0-4131-81A4-CFE36EC25F4C}.Release|x86.ActiveCfg = Release|Any CPU
		{FCACFA3E-F8A0-4131-81A4-CFE36EC25F4C}.Release|x86.Build.0 = Release|Any CPU
		{EFA5797C-D59B-41DD-BE99-B6F163A2F82A}.Debug|Any CPU.ActiveCfg = Debug|Any CPU
		{EFA5797C-D59B-41DD-BE99-B6F163A2F82A}.Debug|Any CPU.Build.0 = Debug|Any CPU
		{EFA5797C-D59B-41DD-BE99-B6F163A2F82A}.Debug|x86.ActiveCfg = Debug|Any CPU
		{EFA5797C-D59B-41DD-BE99-B6F163A2F82A}.Debug|x86.Build.0 = Debug|Any CPU
		{EFA5797C-D59B-41DD-BE99-B6F163A2F82A}.Release|Any CPU.ActiveCfg = Release|Any CPU
		{EFA5797C-D59B-41DD-BE99-B6F163A2F82A}.Release|Any CPU.Build.0 = Release|Any CPU
		{EFA5797C-D59B-41DD-BE99-B6F163A2F82A}.Release|x86.ActiveCfg = Release|Any CPU
		{EFA5797C-D59B-41DD-BE99-B6F163A2F82A}.Release|x86.Build.0 = Release|Any CPU
		{4AB6CB7E-4F4A-444C-8549-CA0F8DCFBEA5}.Debug|Any CPU.ActiveCfg = Debug|Any CPU
		{4AB6CB7E-4F4A-444C-8549-CA0F8DCFBEA5}.Debug|Any CPU.Build.0 = Debug|Any CPU
		{4AB6CB7E-4F4A-444C-8549-CA0F8DCFBEA5}.Debug|x86.ActiveCfg = Debug|Any CPU
		{4AB6CB7E-4F4A-444C-8549-CA0F8DCFBEA5}.Debug|x86.Build.0 = Debug|Any CPU
		{4AB6CB7E-4F4A-444C-8549-CA0F8DCFBEA5}.Release|Any CPU.ActiveCfg = Release|Any CPU
		{4AB6CB7E-4F4A-444C-8549-CA0F8DCFBEA5}.Release|Any CPU.Build.0 = Release|Any CPU
		{4AB6CB7E-4F4A-444C-8549-CA0F8DCFBEA5}.Release|x86.ActiveCfg = Release|Any CPU
		{4AB6CB7E-4F4A-444C-8549-CA0F8DCFBEA5}.Release|x86.Build.0 = Release|Any CPU
		{36611726-905E-4798-B2B7-49DE78EECDE7}.Debug|Any CPU.ActiveCfg = Debug|Any CPU
		{36611726-905E-4798-B2B7-49DE78EECDE7}.Debug|Any CPU.Build.0 = Debug|Any CPU
		{36611726-905E-4798-B2B7-49DE78EECDE7}.Debug|x86.ActiveCfg = Debug|Any CPU
		{36611726-905E-4798-B2B7-49DE78EECDE7}.Debug|x86.Build.0 = Debug|Any CPU
		{36611726-905E-4798-B2B7-49DE78EECDE7}.Release|Any CPU.ActiveCfg = Release|Any CPU
		{36611726-905E-4798-B2B7-49DE78EECDE7}.Release|Any CPU.Build.0 = Release|Any CPU
		{36611726-905E-4798-B2B7-49DE78EECDE7}.Release|x86.ActiveCfg = Release|Any CPU
		{36611726-905E-4798-B2B7-49DE78EECDE7}.Release|x86.Build.0 = Release|Any CPU
		{5154311C-993B-4269-B45B-5C9209078452}.Debug|Any CPU.ActiveCfg = Debug|Any CPU
		{5154311C-993B-4269-B45B-5C9209078452}.Debug|Any CPU.Build.0 = Debug|Any CPU
		{5154311C-993B-4269-B45B-5C9209078452}.Debug|x86.ActiveCfg = Debug|Any CPU
		{5154311C-993B-4269-B45B-5C9209078452}.Debug|x86.Build.0 = Debug|Any CPU
		{5154311C-993B-4269-B45B-5C9209078452}.Release|Any CPU.ActiveCfg = Release|Any CPU
		{5154311C-993B-4269-B45B-5C9209078452}.Release|Any CPU.Build.0 = Release|Any CPU
		{5154311C-993B-4269-B45B-5C9209078452}.Release|x86.ActiveCfg = Release|Any CPU
		{5154311C-993B-4269-B45B-5C9209078452}.Release|x86.Build.0 = Release|Any CPU
		{C079B0C6-A01E-4B25-9297-C71C658EF7A4}.Debug|Any CPU.ActiveCfg = Debug|Any CPU
		{C079B0C6-A01E-4B25-9297-C71C658EF7A4}.Debug|Any CPU.Build.0 = Debug|Any CPU
		{C079B0C6-A01E-4B25-9297-C71C658EF7A4}.Debug|x86.ActiveCfg = Debug|Any CPU
		{C079B0C6-A01E-4B25-9297-C71C658EF7A4}.Debug|x86.Build.0 = Debug|Any CPU
		{C079B0C6-A01E-4B25-9297-C71C658EF7A4}.Release|Any CPU.ActiveCfg = Release|Any CPU
		{C079B0C6-A01E-4B25-9297-C71C658EF7A4}.Release|Any CPU.Build.0 = Release|Any CPU
		{C079B0C6-A01E-4B25-9297-C71C658EF7A4}.Release|x86.ActiveCfg = Release|Any CPU
		{C079B0C6-A01E-4B25-9297-C71C658EF7A4}.Release|x86.Build.0 = Release|Any CPU
		{77A8DB7B-30A6-42A0-A8F6-482BB49EB3EC}.Debug|Any CPU.ActiveCfg = Debug|Any CPU
		{77A8DB7B-30A6-42A0-A8F6-482BB49EB3EC}.Debug|Any CPU.Build.0 = Debug|Any CPU
		{77A8DB7B-30A6-42A0-A8F6-482BB49EB3EC}.Debug|x86.ActiveCfg = Debug|Any CPU
		{77A8DB7B-30A6-42A0-A8F6-482BB49EB3EC}.Debug|x86.Build.0 = Debug|Any CPU
		{77A8DB7B-30A6-42A0-A8F6-482BB49EB3EC}.Release|Any CPU.ActiveCfg = Release|Any CPU
		{77A8DB7B-30A6-42A0-A8F6-482BB49EB3EC}.Release|Any CPU.Build.0 = Release|Any CPU
		{77A8DB7B-30A6-42A0-A8F6-482BB49EB3EC}.Release|x86.ActiveCfg = Release|Any CPU
		{77A8DB7B-30A6-42A0-A8F6-482BB49EB3EC}.Release|x86.Build.0 = Release|Any CPU
		{B55557BC-25A9-496C-B29A-3011C557D9BA}.Debug|Any CPU.ActiveCfg = Debug|Any CPU
		{B55557BC-25A9-496C-B29A-3011C557D9BA}.Debug|Any CPU.Build.0 = Debug|Any CPU
		{B55557BC-25A9-496C-B29A-3011C557D9BA}.Debug|x86.ActiveCfg = Debug|Any CPU
		{B55557BC-25A9-496C-B29A-3011C557D9BA}.Debug|x86.Build.0 = Debug|Any CPU
		{B55557BC-25A9-496C-B29A-3011C557D9BA}.Release|Any CPU.ActiveCfg = Release|Any CPU
		{B55557BC-25A9-496C-B29A-3011C557D9BA}.Release|Any CPU.Build.0 = Release|Any CPU
		{B55557BC-25A9-496C-B29A-3011C557D9BA}.Release|x86.ActiveCfg = Release|Any CPU
		{B55557BC-25A9-496C-B29A-3011C557D9BA}.Release|x86.Build.0 = Release|Any CPU
	EndGlobalSection
	GlobalSection(SolutionProperties) = preSolution
		HideSolutionNode = FALSE
	EndGlobalSection
	GlobalSection(NestedProjects) = preSolution
		{528DE4AE-4534-4576-AF86-DB9E870AB670} = {D0E308E1-5FD4-4E3A-9EBA-B0E98D5B4167}
		{126E416E-7C5D-473B-9710-BC70F57F37C5} = {D0E308E1-5FD4-4E3A-9EBA-B0E98D5B4167}
		{DD39A887-9085-4299-B94A-DFC1F909882F} = {D0E308E1-5FD4-4E3A-9EBA-B0E98D5B4167}
		{14434AF6-CE54-42AB-B94E-613A85EE3492} = {D0E308E1-5FD4-4E3A-9EBA-B0E98D5B4167}
		{FCACFA3E-F8A0-4131-81A4-CFE36EC25F4C} = {D0E308E1-5FD4-4E3A-9EBA-B0E98D5B4167}
		{EFA5797C-D59B-41DD-BE99-B6F163A2F82A} = {D0E308E1-5FD4-4E3A-9EBA-B0E98D5B4167}
		{4AB6CB7E-4F4A-444C-8549-CA0F8DCFBEA5} = {70CE7D64-5E76-4266-8426-38B8A0861E79}
		{36611726-905E-4798-B2B7-49DE78EECDE7} = {70CE7D64-5E76-4266-8426-38B8A0861E79}
		{5154311C-993B-4269-B45B-5C9209078452} = {70CE7D64-5E76-4266-8426-38B8A0861E79}
		{C079B0C6-A01E-4B25-9297-C71C658EF7A4} = {70CE7D64-5E76-4266-8426-38B8A0861E79}
		{77A8DB7B-30A6-42A0-A8F6-482BB49EB3EC} = {70CE7D64-5E76-4266-8426-38B8A0861E79}
		{B55557BC-25A9-496C-B29A-3011C557D9BA} = {70CE7D64-5E76-4266-8426-38B8A0861E79}
	EndGlobalSection
	GlobalSection(ExtensibilityGlobals) = postSolution
		SolutionGuid = {98BF9103-62BD-4877-BB96-07700B326B3D}
	EndGlobalSection
EndGlobal
