Microsoft Visual Studio Solution File, Format Version 12.00
# Visual Studio Version 16
VisualStudioVersion = 16.0.29924.181
MinimumVisualStudioVersion = 10.0.40219.1
Project("{FAE04EC0-301F-11D3-BF4B-00C04F79EFBC}") = "Diga.WebView2.Interop", "WebView2\Diga.WebView2.Interop.csproj", "{62AD85C3-3834-42C4-8BA0-9AECCC82F3C3}"
EndProject
Project("{FAE04EC0-301F-11D3-BF4B-00C04F79EFBC}") = "Diga.WebView2.Wrapper", "WebView2Wrapper\Diga.WebView2.Wrapper.csproj", "{DFB35E2F-D444-4CEF-A990-0B89F5549799}"
EndProject
Project("{FAE04EC0-301F-11D3-BF4B-00C04F79EFBC}") = "WebView2WrapperWinFormsTest", "WebView2WrapperWinFormsTest\WebView2WrapperWinFormsTest.csproj", "{F94D431B-B4EA-45AB-9864-FEB3148B95EC}"
EndProject
Project("{FAE04EC0-301F-11D3-BF4B-00C04F79EFBC}") = "Diga.WebView2.WinForms", "Diga.WebView2.WinForms\Diga.WebView2.WinForms.csproj", "{F6A16150-CF44-4507-9E74-BF64B34800F8}"
EndProject
Global
	GlobalSection(SolutionConfigurationPlatforms) = preSolution
		Debug|Any CPU = Debug|Any CPU
		Release|Any CPU = Release|Any CPU
	EndGlobalSection
	GlobalSection(ProjectConfigurationPlatforms) = postSolution
		{62AD85C3-3834-42C4-8BA0-9AECCC82F3C3}.Debug|Any CPU.ActiveCfg = Debug|Any CPU
		{62AD85C3-3834-42C4-8BA0-9AECCC82F3C3}.Debug|Any CPU.Build.0 = Debug|Any CPU
		{62AD85C3-3834-42C4-8BA0-9AECCC82F3C3}.Release|Any CPU.ActiveCfg = Release|Any CPU
		{62AD85C3-3834-42C4-8BA0-9AECCC82F3C3}.Release|Any CPU.Build.0 = Release|Any CPU
		{DFB35E2F-D444-4CEF-A990-0B89F5549799}.Debug|Any CPU.ActiveCfg = Debug|Any CPU
		{DFB35E2F-D444-4CEF-A990-0B89F5549799}.Debug|Any CPU.Build.0 = Debug|Any CPU
		{DFB35E2F-D444-4CEF-A990-0B89F5549799}.Release|Any CPU.ActiveCfg = Release|Any CPU
		{DFB35E2F-D444-4CEF-A990-0B89F5549799}.Release|Any CPU.Build.0 = Release|Any CPU
		{F94D431B-B4EA-45AB-9864-FEB3148B95EC}.Debug|Any CPU.ActiveCfg = Debug|Any CPU
		{F94D431B-B4EA-45AB-9864-FEB3148B95EC}.Debug|Any CPU.Build.0 = Debug|Any CPU
		{F94D431B-B4EA-45AB-9864-FEB3148B95EC}.Release|Any CPU.ActiveCfg = Release|Any CPU
		{F94D431B-B4EA-45AB-9864-FEB3148B95EC}.Release|Any CPU.Build.0 = Release|Any CPU
		{F6A16150-CF44-4507-9E74-BF64B34800F8}.Debug|Any CPU.ActiveCfg = Debug|Any CPU
		{F6A16150-CF44-4507-9E74-BF64B34800F8}.Debug|Any CPU.Build.0 = Debug|Any CPU
		{F6A16150-CF44-4507-9E74-BF64B34800F8}.Release|Any CPU.ActiveCfg = Release|Any CPU
		{F6A16150-CF44-4507-9E74-BF64B34800F8}.Release|Any CPU.Build.0 = Release|Any CPU
	EndGlobalSection
	GlobalSection(SolutionProperties) = preSolution
		HideSolutionNode = FALSE
	EndGlobalSection
	GlobalSection(ExtensibilityGlobals) = postSolution
		SolutionGuid = {98BF9103-62BD-4877-BB96-07700B326B3D}
	EndGlobalSection
EndGlobal
