
Microsoft Visual Studio Solution File, Format Version 12.00
# Visual Studio Version 16
VisualStudioVersion = 16.0.30709.64
MinimumVisualStudioVersion = 10.0.40219.1
Project("{FAE04EC0-301F-11D3-BF4B-00C04F79EFBC}") = "Diga.WebView2.Interop.V109634", "Diga.WebView2.Interop.V109634.csproj", "{46C1FC7A-781C-4105-A550-73D27D49FB88}"
EndProject
Global
	GlobalSection(SolutionConfigurationPlatforms) = preSolution
		Debug|Any CPU = Debug|Any CPU
		Release|Any CPU = Release|Any CPU
	EndGlobalSection
	GlobalSection(ProjectConfigurationPlatforms) = postSolution
		{46C1FC7A-781C-4105-A550-73D27D49FB88}.Debug|Any CPU.ActiveCfg = Debug|Any CPU
		{46C1FC7A-781C-4105-A550-73D27D49FB88}.Debug|Any CPU.Build.0 = Debug|Any CPU
		{46C1FC7A-781C-4105-A550-73D27D49FB88}.Release|Any CPU.ActiveCfg = Release|Any CPU
		{46C1FC7A-781C-4105-A550-73D27D49FB88}.Release|Any CPU.Build.0 = Release|Any CPU
	EndGlobalSection
	GlobalSection(SolutionProperties) = preSolution
		HideSolutionNode = FALSE
	EndGlobalSection
	GlobalSection(ExtensibilityGlobals) = postSolution
		SolutionGuid = {5B47EC51-218C-4ABB-B844-0DB43369F2FB}
	EndGlobalSection
EndGlobal
